{
  "name": "free-deepseek-api",
  "version": "0.1.0",
  "lockfileVersion": 3,
  "requires": true,
  "packages": {
    "": {
      "name": "free-deepseek-api",
      "version": "0.1.0",
      "license": "MIT",
      "bin": {
        "free-deepseek-api": "server.js",
        "free-deepseek-client": "client.js"
      },
      "engines": {
        "node": ">=18.0.0"
      }
    }
  }
}
