{
  "name": "@deepseek-ai/dsh-goal",
  "version": "0.1.2-rc.1",
  "lockfileVersion": 3,
  "requires": true,
  "packages": {
    "": {
      "name": "@deepseek-ai/dsh-goal",
      "version": "0.1.2-rc.1",
      "license": "MIT",
      "dependencies": {
        "@deepseek-ai/schemastery": "^3.18.2",
        "zod": "^4.4.3"
      },
      "devDependencies": {
        "@deepseek-ai/cordis": "^4.0.2",
        "@deepseek-ai/dsh-agent": "^0.1.2-rc.1",
        "@deepseek-ai/dsh-bash-local": "^0.1.2-rc.1",
        "@deepseek-ai/dsh-brand": "^0.1.2-rc.1",
        "@deepseek-ai/dsh-invariants": "^0.1.2-rc.1",
        "@deepseek-ai/dsh-llm": "^0.1.2-rc.1",
        "@deepseek-ai/dsh-loader-smoke": "^0.1.2-rc.1",
        "@deepseek-ai/dsh-scope": "^0.1.2-rc.1",
        "@deepseek-ai/dsh-session": "^0.1.2-rc.1",
        "@deepseek-ai/dsh-session-checkpoint-policy": "^0.1.2-rc.1",
        "@deepseek-ai/dsh-session-persistence-jsonl": "^0.1.2-rc.1",
        "@deepseek-ai/dsh-session-projection": "^0.1.2-rc.1",
        "@deepseek-ai/dsh-subprocess-local": "^0.1.2-rc.1",
        "@deepseek-ai/dsh-typert-protocol": "^0.1.2-rc.1"
      },
      "peerDependencies": {
        "@deepseek-ai/cordis": "^4.0.2",
        "@deepseek-ai/dsh-agent": "^0.1.2-rc.1",
        "@deepseek-ai/dsh-brand": "^0.1.2-rc.1",
        "@deepseek-ai/dsh-invariants": "^0.1.2-rc.1",
        "@deepseek-ai/dsh-llm": "^0.1.2-rc.1",
        "@deepseek-ai/dsh-scope": "^0.1.2-rc.1",
        "@deepseek-ai/dsh-session": "^0.1.2-rc.1",
        "@deepseek-ai/dsh-session-projection": "^0.1.2-rc.1",
        "@deepseek-ai/dsh-typert-protocol": "^0.1.2-rc.1"
      }
    },
    "node_modules/@deepseek-ai/cordis": {
      "version": "4.0.2",
      "resolved": "https://registry.npmjs.org/@deepseek-ai/cordis/-/cordis-4.0.2.tgz",
      "integrity": "sha512-asOnXP1TzFSFQlHb1iegDZp0z/8WD1c7YNrwJR/Tx2bzNuMXfcekE/I67Iv6SQXeLB4csxqCngzQKANP7gdw0g==",
      "dev": true,
      "license": "MIT",
      "dependencies": {
        "@deepseek-ai/cosmokit": "^1.8.3",
        "@standard-schema/spec": "^1.1.0"
      },
      "bin": {
        "cordis": "bin.js"
      },
      "peerDependencies": {
        "@deepseek-ai/cordis-plugin-include": "^1.0.7",
        "@deepseek-ai/cordis-plugin-loader": "^1.0.3"
      },
      "peerDependenciesMeta": {
        "@deepseek-ai/cordis-plugin-include": {
          "optional": true
        },
        "@deepseek-ai/cordis-plugin-loader": {
          "optional": true
        }
      }
    },
    "node_modules/@deepseek-ai/cosmokit": {
      "version": "1.8.3",
      "resolved": "https://registry.npmjs.org/@deepseek-ai/cosmokit/-/cosmokit-1.8.3.tgz",
      "integrity": "sha512-qBo+ronVM6Eu2WNVJXi8JcMiqZ19T9BRIpV+5qJUFPXjGH/Z0QKcQMC/IZJ7L394YTOtJgcovbk9qP0w2GsBXQ==",
      "license": "MIT"
    },
    "node_modules/@deepseek-ai/dsh-agent": {
      "version": "0.1.2-rc.1",
      "resolved": "https://registry.npmjs.org/@deepseek-ai/dsh-agent/-/dsh-agent-0.1.2-rc.1.tgz",
      "integrity": "sha512-lfaqN34vUCWvbn1kJVHrhfJ6Dvt1HDHCm33ZCpmKkl07/5q6FxWqVv6rOdVX5QnM/9xz/uYiN0nQwUtBg4+Skg==",
      "dev": true,
      "license": "MIT",
      "peerDependencies": {
        "@deepseek-ai/cordis": "^4.0.2",
        "@deepseek-ai/dsh-invariants": "^0.1.2-rc.1",
        "@deepseek-ai/dsh-llm": "^0.1.2-rc.1",
        "@deepseek-ai/dsh-scope": "^0.1.2-rc.1",
        "@deepseek-ai/dsh-session": "^0.1.2-rc.1",
        "@deepseek-ai/dsh-session-projection": "^0.1.2-rc.1",
        "@deepseek-ai/dsh-system-prompt": "^0.1.2-rc.1",
        "@deepseek-ai/dsh-typert-protocol": "^0.1.2-rc.1"
      }
    },
    "node_modules/@deepseek-ai/dsh-bash-local": {
      "version": "0.1.2-rc.1",
      "resolved": "https://registry.npmjs.org/@deepseek-ai/dsh-bash-local/-/dsh-bash-local-0.1.2-rc.1.tgz",
      "integrity": "sha512-/3+AO2TSC5RUKzP0/UZuWhIdwUUd30fx35/eTn8+KlntD7gPgDRMIv1JfXVTxk2pCU3K1V9JX3XjdJ5dHpEObA==",
      "dev": true,
      "license": "MIT",
      "dependencies": {
        "@deepseek-ai/schemastery": "^3.18.2"
      },
      "peerDependencies": {
        "@deepseek-ai/cordis": "^4.0.2",
        "@deepseek-ai/dsh-settings": "^0.1.2-rc.1",
        "@deepseek-ai/dsh-shell": "^0.1.2-rc.1",
        "@deepseek-ai/dsh-subprocess": "^0.1.2-rc.1",
        "@deepseek-ai/dsh-timeout": "^0.1.2-rc.1"
      }
    },
    "node_modules/@deepseek-ai/dsh-brand": {
      "version": "0.1.2-rc.1",
      "resolved": "https://registry.npmjs.org/@deepseek-ai/dsh-brand/-/dsh-brand-0.1.2-rc.1.tgz",
      "integrity": "sha512-y2RHIag3kzLdY8kTBuSUSTsKzWPscJrysNObXTiNM7stXLpa3jXpshsB1caqGzNx50vYcmHeN1gFVECgx3NZHg==",
      "dev": true,
      "license": "MIT",
      "peerDependencies": {
        "@deepseek-ai/cordis": "^4.0.2"
      }
    },
    "node_modules/@deepseek-ai/dsh-invariants": {
      "version": "0.1.2-rc.1",
      "resolved": "https://registry.npmjs.org/@deepseek-ai/dsh-invariants/-/dsh-invariants-0.1.2-rc.1.tgz",
      "integrity": "sha512-zSjuFJYcEB94kPwn7SicqAV1dfVWZkjt1I8luDboxtjfp5CN6ziwJhLv3KaB+Dh9tgkyGY4mvo886W/HhE9L9g==",
      "dev": true,
      "license": "MIT",
      "dependencies": {
        "@deepseek-ai/schemastery": "^3.18.2"
      },
      "peerDependencies": {
        "@deepseek-ai/cordis": "^4.0.2"
      }
    },
    "node_modules/@deepseek-ai/dsh-llm": {
      "version": "0.1.2-rc.1",
      "resolved": "https://registry.npmjs.org/@deepseek-ai/dsh-llm/-/dsh-llm-0.1.2-rc.1.tgz",
      "integrity": "sha512-7VYsha5AXsVLnsAwYJffWXz9bwUbElw8i5N8tlTSdai9Bupk3sMbsotzPf8ZbsuGAxQYErahMwQwgGEu4qZO6g==",
      "dev": true,
      "license": "MIT",
      "dependencies": {
        "@deepseek-ai/dsh-brand": "^0.1.2-rc.1",
        "@deepseek-ai/dsh-timeout": "^0.1.2-rc.1",
        "@deepseek-ai/dsh-typert-protocol": "^0.1.2-rc.1",
        "@deepseek-ai/dsh-util-crypto": "^0.1.2-rc.1",
        "@deepseek-ai/dsh-util-values": "^0.1.2-rc.1",
        "@deepseek-ai/schemastery": "^3.18.2",
        "zod": "^4.4.3"
      },
      "peerDependencies": {
        "@deepseek-ai/cordis": "^4.0.2"
      }
    },
    "node_modules/@deepseek-ai/dsh-loader-smoke": {
      "version": "0.1.2-rc.1",
      "resolved": "https://registry.npmjs.org/@deepseek-ai/dsh-loader-smoke/-/dsh-loader-smoke-0.1.2-rc.1.tgz",
      "integrity": "sha512-7gpK7ZZKyC9TrxLKF8JhUgqDkkF391mAvRAVydcO+SqXjslyYwCCGqN0je2HQ8z1OFqP5aHkKPCdqWk5n6qwTA==",
      "dev": true,
      "license": "MIT",
      "dependencies": {
        "execa": "^10.0.0",
        "tsx": "^4.22.4"
      },
      "peerDependencies": {
        "@deepseek-ai/cordis": "^4.0.2",
        "@deepseek-ai/dsh-agent": "^0.1.2-rc.1",
        "@deepseek-ai/dsh-llm": "^0.1.2-rc.1",
        "@deepseek-ai/dsh-session": "^0.1.2-rc.1"
      }
    },
    "node_modules/@deepseek-ai/dsh-scope": {
      "version": "0.1.2-rc.1",
      "resolved": "https://registry.npmjs.org/@deepseek-ai/dsh-scope/-/dsh-scope-0.1.2-rc.1.tgz",
      "integrity": "sha512-GHwbzWrGbmE0ZGzAZsXBudpyCM9ENCpXxlKODIaPFbIWhRePh6nH2jW47TAOqCIsPPedWC2p3w8Tx5WAa3I/2A==",
      "dev": true,
      "license": "MIT",
      "peerDependencies": {
        "@deepseek-ai/cordis": "^4.0.2",
        "@deepseek-ai/dsh-invariants": "^0.1.2-rc.1"
      }
    },
    "node_modules/@deepseek-ai/dsh-session": {
      "version": "0.1.2-rc.1",
      "resolved": "https://registry.npmjs.org/@deepseek-ai/dsh-session/-/dsh-session-0.1.2-rc.1.tgz",
      "integrity": "sha512-jRGNPTbQcvIx1F2MVmmkoiHLgpC3Btqo1wkl/3JDLlOWRVWKOuaC+5fQiMrFPOYfno6YiX/c2UvmA0td8qB92w==",
      "dev": true,
      "license": "MIT",
      "dependencies": {
        "@deepseek-ai/dsh-brand": "^0.1.2-rc.1",
        "@deepseek-ai/dsh-llm": "^0.1.2-rc.1",
        "@deepseek-ai/dsh-util-values": "^0.1.2-rc.1"
      },
      "peerDependencies": {
        "@deepseek-ai/cordis": "^4.0.2",
        "@deepseek-ai/dsh-scope": "^0.1.2-rc.1"
      }
    },
    "node_modules/@deepseek-ai/dsh-session-checkpoint-policy": {
      "version": "0.1.2-rc.1",
      "resolved": "https://registry.npmjs.org/@deepseek-ai/dsh-session-checkpoint-policy/-/dsh-session-checkpoint-policy-0.1.2-rc.1.tgz",
      "integrity": "sha512-wccstcC9NdeXnqq1Uqgf5P5U5YRgSqVqudvgWLS6ldj0wIRKAmv4fQsi9E+dRlxtxfLdSsHGh9o0SnIPb0syIQ==",
      "dev": true,
      "license": "MIT",
      "peerDependencies": {
        "@deepseek-ai/cordis": "^4.0.2",
        "@deepseek-ai/dsh-agent": "^0.1.2-rc.1",
        "@deepseek-ai/dsh-llm": "^0.1.2-rc.1",
        "@deepseek-ai/dsh-session": "^0.1.2-rc.1",
        "@deepseek-ai/dsh-session-persistence": "^0.1.2-rc.1",
        "@deepseek-ai/dsh-tools": "^0.1.2-rc.1"
      }
    },
    "node_modules/@deepseek-ai/dsh-session-persistence-jsonl": {
      "version": "0.1.2-rc.1",
      "resolved": "https://registry.npmjs.org/@deepseek-ai/dsh-session-persistence-jsonl/-/dsh-session-persistence-jsonl-0.1.2-rc.1.tgz",
      "integrity": "sha512-YR5PFDFsM7CLp0zWcLbldfmnPA0T9kROiP7+g1uflBGvhK2JoaH+UM06JGWe7EvnplCGNTnAzcXhAQp7dwz/iw==",
      "dev": true,
      "license": "MIT",
      "dependencies": {
        "@deepseek-ai/schemastery": "^3.18.2",
        "koffi": "^3.1.0"
      },
      "peerDependencies": {
        "@deepseek-ai/cordis": "^4.0.2",
        "@deepseek-ai/dsh-session": "^0.1.2-rc.1",
        "@deepseek-ai/dsh-session-persistence": "^0.1.2-rc.1"
      }
    },
    "node_modules/@deepseek-ai/dsh-session-projection": {
      "version": "0.1.2-rc.1",
      "resolved": "https://registry.npmjs.org/@deepseek-ai/dsh-session-projection/-/dsh-session-projection-0.1.2-rc.1.tgz",
      "integrity": "sha512-qVWlIzPm4u9vzQ5G/QtE6jeSJ3b3b42hWVJj664BurEZlHbAfdqkhYc1QsoBU+5k5kUEJFHh07z8HxuXA9kTnQ==",
      "dev": true,
      "license": "MIT",
      "dependencies": {
        "zod": "^4.4.3"
      },
      "peerDependencies": {
        "@deepseek-ai/cordis": "^4.0.2",
        "@deepseek-ai/dsh-session": "^0.1.2-rc.1"
      }
    },
    "node_modules/@deepseek-ai/dsh-subprocess-local": {
      "version": "0.1.2-rc.1",
      "resolved": "https://registry.npmjs.org/@deepseek-ai/dsh-subprocess-local/-/dsh-subprocess-local-0.1.2-rc.1.tgz",
      "integrity": "sha512-Spc/IXWvjEteGysifGr6JvCokcH8T88z0mdxIGcu9SFdgDyY8HKR+h5yq73+rbo4RYzT7+TBE43TIZy5LfmzgQ==",
      "dev": true,
      "hasInstallScript": true,
      "license": "MIT",
      "dependencies": {
        "koffi": "^3.1.0",
        "node-pty": "1.2.0-beta.15"
      },
      "peerDependencies": {
        "@deepseek-ai/cordis": "^4.0.2",
        "@deepseek-ai/dsh-subprocess": "^0.1.2-rc.1",
        "@deepseek-ai/dsh-timeout": "^0.1.2-rc.1"
      }
    },
    "node_modules/@deepseek-ai/dsh-timeout": {
      "version": "0.1.2-rc.1",
      "resolved": "https://registry.npmjs.org/@deepseek-ai/dsh-timeout/-/dsh-timeout-0.1.2-rc.1.tgz",
      "integrity": "sha512-llz11yxWeJB8suKCa6hRLjNBWVaPn3Fbd0XoBS0bkZLhPFzO1mDorx/XMca2GhI7XF9A86CURQcDt+aGjjvqJA==",
      "dev": true,
      "license": "MIT",
      "peerDependencies": {
        "@deepseek-ai/cordis": "^4.0.2"
      }
    },
    "node_modules/@deepseek-ai/dsh-typert-protocol": {
      "version": "0.1.2-rc.1",
      "resolved": "https://registry.npmjs.org/@deepseek-ai/dsh-typert-protocol/-/dsh-typert-protocol-0.1.2-rc.1.tgz",
      "integrity": "sha512-vBWD0NpriPd96ltbWaAw+iKeWFIEjiAcCWYtmqEcV1Ms+FaV02usjjm7LCmhSQhMZpBSBc7EZUX0spGlpjI1bA==",
      "dev": true,
      "license": "MIT",
      "peerDependencies": {
        "@deepseek-ai/cordis": "^4.0.2"
      }
    },
    "node_modules/@deepseek-ai/dsh-util-crypto": {
      "version": "0.1.2-rc.1",
      "resolved": "https://registry.npmjs.org/@deepseek-ai/dsh-util-crypto/-/dsh-util-crypto-0.1.2-rc.1.tgz",
      "integrity": "sha512-gE8FznQ1hkknw9QMrHNSlm3UEyRYuj3MLVvlJ6NyH1kmOsdjnbrVbSs+Pn72k2oIV4Fiyu3Umg0sLznUEcsiXw==",
      "dev": true,
      "license": "MIT",
      "peerDependencies": {
        "@deepseek-ai/cordis": "^4.0.2"
      }
    },
    "node_modules/@deepseek-ai/dsh-util-values": {
      "version": "0.1.2-rc.1",
      "resolved": "https://registry.npmjs.org/@deepseek-ai/dsh-util-values/-/dsh-util-values-0.1.2-rc.1.tgz",
      "integrity": "sha512-FQdgoK+KYVR0pBQb9fTsajvGb3gzUxEzJQEYnFOt+Qdwc4nkxJOPwJJdIvXuqvZaQ33DaOoqpnpcr2p5HpLu4g==",
      "dev": true,
      "license": "MIT",
      "peerDependencies": {
        "@deepseek-ai/cordis": "^4.0.2"
      }
    },
    "node_modules/@deepseek-ai/schemastery": {
      "version": "3.18.2",
      "resolved": "https://registry.npmjs.org/@deepseek-ai/schemastery/-/schemastery-3.18.2.tgz",
      "integrity": "sha512-njDtZsznjYxok7KLLlHOPyuv2efdWVbSflAHgztSfbMsg+CVraEoRe2DjOCgClYv3ZCSm7WXoaUkbB/+RY7tWQ==",
      "license": "MIT",
      "dependencies": {
        "@deepseek-ai/cosmokit": "^1.8.3",
        "@standard-schema/spec": "^1.1.0"
      }
    },
    "node_modules/@esbuild/aix-ppc64": {
      "version": "0.28.2",
      "resolved": "https://registry.npmjs.org/@esbuild/aix-ppc64/-/aix-ppc64-0.28.2.tgz",
      "integrity": "sha512-XExcO+dvLKvVtNTibSTBej1NCAbaGhWn9Ww1ZPx80qsahhPFe/8jgWP0IchNe0F3HwkU7n8ejhH8bjonqht8mQ==",
      "cpu": [
        "ppc64"
      ],
      "dev": true,
      "license": "MIT",
      "optional": true,
      "os": [
        "aix"
      ],
      "engines": {
        "node": ">=18"
      }
    },
    "node_modules/@esbuild/android-arm": {
      "version": "0.28.2",
      "resolved": "https://registry.npmjs.org/@esbuild/android-arm/-/android-arm-0.28.2.tgz",
      "integrity": "sha512-kXXoiPVVGQcnIYGOeaovwOURpniDBpSq4A03qkQ+BMQqtGG6HYap3xne9C1O1yo4TR3qxlCX5IqqmX6fFo2Lqg==",
      "cpu": [
        "arm"
      ],
      "dev": true,
      "license": "MIT",
      "optional": true,
      "os": [
        "android"
      ],
      "engines": {
        "node": ">=18"
      }
    },
    "node_modules/@esbuild/android-arm64": {
      "version": "0.28.2",
      "resolved": "https://registry.npmjs.org/@esbuild/android-arm64/-/android-arm64-0.28.2.tgz",
      "integrity": "sha512-5YfKeeI8qWfBZIX+u2xZC3Zlb3Os/gLS2sbEKM+I4ZOcsWmHS2WLysCcQZDAFRslDUU5Oiq44gf6PYN1vGwG5A==",
      "cpu": [
        "arm64"
      ],
      "dev": true,
      "license": "MIT",
      "optional": true,
      "os": [
        "android"
      ],
      "engines": {
        "node": ">=18"
      }
    },
    "node_modules/@esbuild/android-x64": {
      "version": "0.28.2",
      "resolved": "https://registry.npmjs.org/@esbuild/android-x64/-/android-x64-0.28.2.tgz",
      "integrity": "sha512-O387ite7SzUyCcy3JQX4P4bLtEA7bLLkx+esve5JHnyYfNTxcVpXZo9jhdB0lTKN44gztELTdU7nS8Nr16Fs1Q==",
      "cpu": [
        "x64"
      ],
      "dev": true,
      "license": "MIT",
      "optional": true,
      "os": [
        "android"
      ],
      "engines": {
        "node": ">=18"
      }
    },
    "node_modules/@esbuild/darwin-arm64": {
      "version": "0.28.2",
      "resolved": "https://registry.npmjs.org/@esbuild/darwin-arm64/-/darwin-arm64-0.28.2.tgz",
      "integrity": "sha512-n4KqkOQrraxHJcgjM1RvwbigfQKIKJVpM7xp+KsxiyUSrRdIXnt73VhrPAx0fV44hgfmIVKjxMN9J1t5jySVkw==",
      "cpu": [
        "arm64"
      ],
      "dev": true,
      "license": "MIT",
      "optional": true,
      "os": [
        "darwin"
      ],
      "engines": {
        "node": ">=18"
      }
    },
    "node_modules/@esbuild/darwin-x64": {
      "version": "0.28.2",
      "resolved": "https://registry.npmjs.org/@esbuild/darwin-x64/-/darwin-x64-0.28.2.tgz",
      "integrity": "sha512-uq6suIWYP37qzGddBKPw5QEQPi6HiLGsO7UmkpfyaYNQ3D+rN6w6WfwH+nuqcGXWvawGwxOEroO4YGnFh95azw==",
      "cpu": [
        "x64"
      ],
      "dev": true,
      "license": "MIT",
      "optional": true,
      "os": [
        "darwin"
      ],
      "engines": {
        "node": ">=18"
      }
    },
    "node_modules/@esbuild/freebsd-arm64": {
      "version": "0.28.2",
      "resolved": "https://registry.npmjs.org/@esbuild/freebsd-arm64/-/freebsd-arm64-0.28.2.tgz",
      "integrity": "sha512-n+I0BTSRIoy+d6RPKnEVwql5UwBJolytvY4mAOIEJorKlqgPII8ix6slVVrfZ5Tnj7glIZvloylbB/EJPMWEXw==",
      "cpu": [
        "arm64"
      ],
      "dev": true,
      "license": "MIT",
      "optional": true,
      "os": [
        "freebsd"
      ],
      "engines": {
        "node": ">=18"
      }
    },
    "node_modules/@esbuild/freebsd-x64": {
      "version": "0.28.2",
      "resolved": "https://registry.npmjs.org/@esbuild/freebsd-x64/-/freebsd-x64-0.28.2.tgz",
      "integrity": "sha512-78XJTJkvPs0kz2w61301PJjXl4g7q3JqiYMZ/M/yVI73EHBrCRTgkhu9oqG7vPqq+a/yadEW8aD+agKlk5xrmg==",
      "cpu": [
        "x64"
      ],
      "dev": true,
      "license": "MIT",
      "optional": true,
      "os": [
        "freebsd"
      ],
      "engines": {
        "node": ">=18"
      }
    },
    "node_modules/@esbuild/linux-arm": {
      "version": "0.28.2",
      "resolved": "https://registry.npmjs.org/@esbuild/linux-arm/-/linux-arm-0.28.2.tgz",
      "integrity": "sha512-XlDnu2q5yoqems+xay6wSAcg9DDD7K9RLKZEBOMZm3ckNpJBvOX20tSfby8KfrrhINDyv9V2YVZKY/SpoGJI8w==",
      "cpu": [
        "arm"
      ],
      "dev": true,
      "license": "MIT",
      "optional": true,
      "os": [
        "linux"
      ],
      "engines": {
        "node": ">=18"
      }
    },
    "node_modules/@esbuild/linux-arm64": {
      "version": "0.28.2",
      "resolved": "https://registry.npmjs.org/@esbuild/linux-arm64/-/linux-arm64-0.28.2.tgz",
      "integrity": "sha512-pW4AC0P3it8c7do9MVM4p51FzHzdM/TZrerurgRcHJ2WTa1VQ1CIq18xncfpBJw4ojkiZZrKW2yIBWBP92j6Ug==",
      "cpu": [
        "arm64"
      ],
      "dev": true,
      "license": "MIT",
      "optional": true,
      "os": [
        "linux"
      ],
      "engines": {
        "node": ">=18"
      }
    },
    "node_modules/@esbuild/linux-ia32": {
      "version": "0.28.2",
      "resolved": "https://registry.npmjs.org/@esbuild/linux-ia32/-/linux-ia32-0.28.2.tgz",
      "integrity": "sha512-CYbnj78HsIeA+DhgUKgFCfvNsTHFhMMrinUrMZpDXJXKN8T3XViTZ/+wtHeVxEWY8ewSzTFN+nRmSwO2tZaLUQ==",
      "cpu": [
        "ia32"
      ],
      "dev": true,
      "license": "MIT",
      "optional": true,
      "os": [
        "linux"
      ],
      "engines": {
        "node": ">=18"
      }
    },
    "node_modules/@esbuild/linux-loong64": {
      "version": "0.28.2",
      "resolved": "https://registry.npmjs.org/@esbuild/linux-loong64/-/linux-loong64-0.28.2.tgz",
      "integrity": "sha512-buwkd8nsph4R+ajRvw0qM5Hja/TXQow3ptzWO2EbG/cqcIkHloRrdlBtQlshyYGTNFvfkfJ5tpPLVkY4DtsPfQ==",
      "cpu": [
        "loong64"
      ],
      "dev": true,
      "license": "MIT",
      "optional": true,
      "os": [
        "linux"
      ],
      "engines": {
        "node": ">=18"
      }
    },
    "node_modules/@esbuild/linux-mips64el": {
      "version": "0.28.2",
      "resolved": "https://registry.npmjs.org/@esbuild/linux-mips64el/-/linux-mips64el-0.28.2.tgz",
      "integrity": "sha512-ZVykbDyk7519VwiNb9Lcj9m8XM6v5V9uKPvrEMkkEedVewf+0itkhahp4HDpgERXhwLRpWFypsGbG/J8s0QjJA==",
      "cpu": [
        "mips64el"
      ],
      "dev": true,
      "license": "MIT",
      "optional": true,
      "os": [
        "linux"
      ],
      "engines": {
        "node": ">=18"
      }
    },
    "node_modules/@esbuild/linux-ppc64": {
      "version": "0.28.2",
      "resolved": "https://registry.npmjs.org/@esbuild/linux-ppc64/-/linux-ppc64-0.28.2.tgz",
      "integrity": "sha512-CAXl+Dtd9UUuJd8pKKdwh6MLm3MUMiqMPmhZ3tTSXPqfyQ3vDl6R5hZdZ/kYojK4ofXtdfSv1tFq8XzWx3heNQ==",
      "cpu": [
        "ppc64"
      ],
      "dev": true,
      "license": "MIT",
      "optional": true,
      "os": [
        "linux"
      ],
      "engines": {
        "node": ">=18"
      }
    },
    "node_modules/@esbuild/linux-riscv64": {
      "version": "0.28.2",
      "resolved": "https://registry.npmjs.org/@esbuild/linux-riscv64/-/linux-riscv64-0.28.2.tgz",
      "integrity": "sha512-GeXCej4IQtU1B+QlDV8W/RRvbzI3O/Stss+/bCXv4lZls5WGRtu2a+3JkA3i4qIUlMXpcHebWpF8AkJhATowuA==",
      "cpu": [
        "riscv64"
      ],
      "dev": true,
      "license": "MIT",
      "optional": true,
      "os": [
        "linux"
      ],
      "engines": {
        "node": ">=18"
      }
    },
    "node_modules/@esbuild/linux-s390x": {
      "version": "0.28.2",
      "resolved": "https://registry.npmjs.org/@esbuild/linux-s390x/-/linux-s390x-0.28.2.tgz",
      "integrity": "sha512-3H1weTYZPxt/WOhByszQZybS9w5lKzUn1FDMsgEChbHWQwHYQQRfBxgCcZvPhjHfKyJjIievvMmEUawJrdY9Dg==",
      "cpu": [
        "s390x"
      ],
      "dev": true,
      "license": "MIT",
      "optional": true,
      "os": [
        "linux"
      ],
      "engines": {
        "node": ">=18"
      }
    },
    "node_modules/@esbuild/linux-x64": {
      "version": "0.28.2",
      "resolved": "https://registry.npmjs.org/@esbuild/linux-x64/-/linux-x64-0.28.2.tgz",
      "integrity": "sha512-4xTZr1FUmSoQW4XIWmit3tzQrUTZM+N3P0XV8xROKYF50XfI7xeO90+1bZvNwxIufQ9hDQVRJH5YhgPVF8A/HQ==",
      "cpu": [
        "x64"
      ],
      "dev": true,
      "license": "MIT",
      "optional": true,
      "os": [
        "linux"
      ],
      "engines": {
        "node": ">=18"
      }
    },
    "node_modules/@esbuild/netbsd-arm64": {
      "version": "0.28.2",
      "resolved": "https://registry.npmjs.org/@esbuild/netbsd-arm64/-/netbsd-arm64-0.28.2.tgz",
      "integrity": "sha512-sSATRjPeDBg3pdgHoQfoYBob11Kk1FGa9lui5RIHZCoCkJa9QKlvl3/vKz2usCmYYjs7ymJR/2Nnsqe+Hjt5nw==",
      "cpu": [
        "arm64"
      ],
      "dev": true,
      "license": "MIT",
      "optional": true,
      "os": [
        "netbsd"
      ],
      "engines": {
        "node": ">=18"
      }
    },
    "node_modules/@esbuild/netbsd-x64": {
      "version": "0.28.2",
      "resolved": "https://registry.npmjs.org/@esbuild/netbsd-x64/-/netbsd-x64-0.28.2.tgz",
      "integrity": "sha512-lqnzCV+mM0gIADaKihiCg6ifgfU2L3h5E33rNQBN1Y4MaVGnzryzmvvf7UHxprpQdE8hpqLolJ9Rl+SkIRDpyw==",
      "cpu": [
        "x64"
      ],
      "dev": true,
      "license": "MIT",
      "optional": true,
      "os": [
        "netbsd"
      ],
      "engines": {
        "node": ">=18"
      }
    },
    "node_modules/@esbuild/openbsd-arm64": {
      "version": "0.28.2",
      "resolved": "https://registry.npmjs.org/@esbuild/openbsd-arm64/-/openbsd-arm64-0.28.2.tgz",
      "integrity": "sha512-AL2qJILH7lNjrDmCQDvdxMfAUIv8KMNZOvrwAQ8i8//ntL9FflhOyMJ8OZSMBb8/AWXe3/5v5S20y3zCoZWKoQ==",
      "cpu": [
        "arm64"
      ],
      "dev": true,
      "license": "MIT",
      "optional": true,
      "os": [
        "openbsd"
      ],
      "engines": {
        "node": ">=18"
      }
    },
    "node_modules/@esbuild/openbsd-x64": {
      "version": "0.28.2",
      "resolved": "https://registry.npmjs.org/@esbuild/openbsd-x64/-/openbsd-x64-0.28.2.tgz",
      "integrity": "sha512-QtiuPytchRyC4rwUKhexJdQKvDuZ6hWloi3igqPQNUJCS1/v9EiO3UTOXR6A3FoMo4fnAKbWJdqaIwhOzh8qEw==",
      "cpu": [
        "x64"
      ],
      "dev": true,
      "license": "MIT",
      "optional": true,
      "os": [
        "openbsd"
      ],
      "engines": {
        "node": ">=18"
      }
    },
    "node_modules/@esbuild/openharmony-arm64": {
      "version": "0.28.2",
      "resolved": "https://registry.npmjs.org/@esbuild/openharmony-arm64/-/openharmony-arm64-0.28.2.tgz",
      "integrity": "sha512-WkhYDmpTjLvGlScA1rwjRUmhl4k8oXR3cIbtqWmELgU/dFeHHlEllxDvdWcNJV9rbzCexB5vz8gtNewWLgCT7Q==",
      "cpu": [
        "arm64"
      ],
      "dev": true,
      "license": "MIT",
      "optional": true,
      "os": [
        "openharmony"
      ],
      "engines": {
        "node": ">=18"
      }
    },
    "node_modules/@esbuild/sunos-x64": {
      "version": "0.28.2",
      "resolved": "https://registry.npmjs.org/@esbuild/sunos-x64/-/sunos-x64-0.28.2.tgz",
      "integrity": "sha512-GPMSkTOtMnv2U2F8gxe4Io6qmVs+YKyp832Etqqxr0hFngmXQ3rzwytelm3GIn7T4VviRUlf3sOgBOiTdvaf7g==",
      "cpu": [
        "x64"
      ],
      "dev": true,
      "license": "MIT",
      "optional": true,
      "os": [
        "sunos"
      ],
      "engines": {
        "node": ">=18"
      }
    },
    "node_modules/@esbuild/win32-arm64": {
      "version": "0.28.2",
      "resolved": "https://registry.npmjs.org/@esbuild/win32-arm64/-/win32-arm64-0.28.2.tgz",
      "integrity": "sha512-PIhhEkE9uPBleRBrQEJpUn7MBnibZzbGzYWPmY3x+YoVg/95zbjB4CxPPOQ8l5tYYM4mMaCthF8/1DIfBQQyWQ==",
      "cpu": [
        "arm64"
      ],
      "dev": true,
      "license": "MIT",
      "optional": true,
      "os": [
        "win32"
      ],
      "engines": {
        "node": ">=18"
      }
    },
    "node_modules/@esbuild/win32-ia32": {
      "version": "0.28.2",
      "resolved": "https://registry.npmjs.org/@esbuild/win32-ia32/-/win32-ia32-0.28.2.tgz",
      "integrity": "sha512-YmJbfTlvU7Sdn9BB+4PRES4oB6pxgS37MAONj+hBr/cpXS1aBPKXxNnDbu+QCWPj0o9dgyxeq79g6c5P8KeuYA==",
      "cpu": [
        "ia32"
      ],
      "dev": true,
      "license": "MIT",
      "optional": true,
      "os": [
        "win32"
      ],
      "engines": {
        "node": ">=18"
      }
    },
    "node_modules/@esbuild/win32-x64": {
      "version": "0.28.2",
      "resolved": "https://registry.npmjs.org/@esbuild/win32-x64/-/win32-x64-0.28.2.tgz",
      "integrity": "sha512-5ebpxr3nWMzrL/rnUI755Jkuee0bHL/Gq0WTF9lvcpv73wAp5eu8MfBUgWK9bhWvZjj7yX8etf/8tI8Ney695g==",
      "cpu": [
        "x64"
      ],
      "dev": true,
      "license": "MIT",
      "optional": true,
      "os": [
        "win32"
      ],
      "engines": {
        "node": ">=18"
      }
    },
    "node_modules/@koromix/koffi-android-arm64": {
      "version": "3.2.1",
      "resolved": "https://registry.npmjs.org/@koromix/koffi-android-arm64/-/koffi-android-arm64-3.2.1.tgz",
      "integrity": "sha512-1pJQ4jnZlUJduK9u9DC5CGy3aOgDUPvIXpNb6syV3+Dh5Q/ugezAIGCqvY+w+1mgXsve0pd0NVvJRjdZNHQ6MA==",
      "cpu": [
        "arm64"
      ],
      "dev": true,
      "license": "MIT",
      "optional": true,
      "os": [
        "android"
      ],
      "funding": {
        "url": "https://liberapay.com/Koromix"
      }
    },
    "node_modules/@koromix/koffi-android-x64": {
      "version": "3.2.1",
      "resolved": "https://registry.npmjs.org/@koromix/koffi-android-x64/-/koffi-android-x64-3.2.1.tgz",
      "integrity": "sha512-HH40xGh3gVQifjOBnhwT2tECC0lL1lYe+nxHvWNSzxDIyQNcVPXg38ta7vuONRFpD+uIrw7fqGYLzbZIagkVcg==",
      "cpu": [
        "x64"
      ],
      "dev": true,
      "license": "MIT",
      "optional": true,
      "os": [
        "android"
      ],
      "funding": {
        "url": "https://liberapay.com/Koromix"
      }
    },
    "node_modules/@koromix/koffi-darwin-arm64": {
      "version": "3.2.1",
      "resolved": "https://registry.npmjs.org/@koromix/koffi-darwin-arm64/-/koffi-darwin-arm64-3.2.1.tgz",
      "integrity": "sha512-Vj4h+xcjc5+Cn0DhPHjgRX4omKAv96Kehtcd+1YgYuY2W7FvQn9vS+3SmzVwhC5Qmg9bIwUZObYQ8T/4hBqQqA==",
      "cpu": [
        "arm64"
      ],
      "dev": true,
      "license": "MIT",
      "optional": true,
      "os": [
        "darwin"
      ],
      "funding": {
        "url": "https://liberapay.com/Koromix"
      }
    },
    "node_modules/@koromix/koffi-darwin-x64": {
      "version": "3.2.1",
      "resolved": "https://registry.npmjs.org/@koromix/koffi-darwin-x64/-/koffi-darwin-x64-3.2.1.tgz",
      "integrity": "sha512-gFCWxNBTZIvxo1p+PURWfsy2Ctj5FGnVVs1f03lTLhBvmxEto70pdIiFztdFLDFkAJ1pmtQmruRKapeK+E8YPA==",
      "cpu": [
        "x64"
      ],
      "dev": true,
      "license": "MIT",
      "optional": true,
      "os": [
        "darwin"
      ],
      "funding": {
        "url": "https://liberapay.com/Koromix"
      }
    },
    "node_modules/@koromix/koffi-freebsd-arm64": {
      "version": "3.2.1",
      "resolved": "https://registry.npmjs.org/@koromix/koffi-freebsd-arm64/-/koffi-freebsd-arm64-3.2.1.tgz",
      "integrity": "sha512-qj+f1s2e6vULaUG1cdlTcCXmunCq2t+rjxku1+esaMIqVnHpOwj0QzPuInG0AFdXjwBNQhyVR/HpDj8daEwwsQ==",
      "cpu": [
        "arm64"
      ],
      "dev": true,
      "license": "MIT",
      "optional": true,
      "os": [
        "freebsd"
      ],
      "funding": {
        "url": "https://liberapay.com/Koromix"
      }
    },
    "node_modules/@koromix/koffi-freebsd-ia32": {
      "version": "3.2.1",
      "resolved": "https://registry.npmjs.org/@koromix/koffi-freebsd-ia32/-/koffi-freebsd-ia32-3.2.1.tgz",
      "integrity": "sha512-6olHb1Qfgai0jjs6ddlDDD0ZfsCxy7SPi8rMRpuYQWH0qhgtyQu82hw5b1p7z+TJ0zZP3ZeQQ6l+U/MlM1ICHQ==",
      "cpu": [
        "ia32"
      ],
      "dev": true,
      "license": "MIT",
      "optional": true,
      "os": [
        "freebsd"
      ],
      "funding": {
        "url": "https://liberapay.com/Koromix"
      }
    },
    "node_modules/@koromix/koffi-freebsd-x64": {
      "version": "3.2.1",
      "resolved": "https://registry.npmjs.org/@koromix/koffi-freebsd-x64/-/koffi-freebsd-x64-3.2.1.tgz",
      "integrity": "sha512-Dikhw1ySYNVMkmeFvFVjnU5Wdk6mffNoOjJxm9bTG96vg7OlemylxqdEven47R1YJ3yzNVJn/MlQ207ORWfi2w==",
      "cpu": [
        "x64"
      ],
      "dev": true,
      "license": "MIT",
      "optional": true,
      "os": [
        "freebsd"
      ],
      "funding": {
        "url": "https://liberapay.com/Koromix"
      }
    },
    "node_modules/@koromix/koffi-linux-arm": {
      "version": "3.2.1",
      "resolved": "https://registry.npmjs.org/@koromix/koffi-linux-arm/-/koffi-linux-arm-3.2.1.tgz",
      "integrity": "sha512-OfwUwZylidq95wQKp6ClInULrfB2giu7dqM6Rhe0zAe6lES5I2SXNw15T9+GnRHk3/9hKT2XZ37OZLaKSyWNLA==",
      "cpu": [
        "arm"
      ],
      "dev": true,
      "license": "MIT",
      "optional": true,
      "os": [
        "linux"
      ],
      "funding": {
        "url": "https://liberapay.com/Koromix"
      }
    },
    "node_modules/@koromix/koffi-linux-arm64": {
      "version": "3.2.1",
      "resolved": "https://registry.npmjs.org/@koromix/koffi-linux-arm64/-/koffi-linux-arm64-3.2.1.tgz",
      "integrity": "sha512-K+cGUL5iBcDqxmsocrjmlASqDf24gc7artbVW3PewG2c9AqwC63lezgwvB85Nx4lZAQjB6zIFHh9A7t1yGbwhw==",
      "cpu": [
        "arm64"
      ],
      "dev": true,
      "license": "MIT",
      "optional": true,
      "os": [
        "linux"
      ],
      "funding": {
        "url": "https://liberapay.com/Koromix"
      }
    },
    "node_modules/@koromix/koffi-linux-ia32": {
      "version": "3.2.1",
      "resolved": "https://registry.npmjs.org/@koromix/koffi-linux-ia32/-/koffi-linux-ia32-3.2.1.tgz",
      "integrity": "sha512-rxj6UYjU1qd98gxNQOSCdLpc5cPRi5Giq9rNd3jnGuSNIyMkwa6Dxw4cUjmhIBCYESMJtmNt5NWnJp5u9wTfYQ==",
      "cpu": [
        "ia32"
      ],
      "dev": true,
      "license": "MIT",
      "optional": true,
      "os": [
        "linux"
      ],
      "funding": {
        "url": "https://liberapay.com/Koromix"
      }
    },
    "node_modules/@koromix/koffi-linux-loong64": {
      "version": "3.2.1",
      "resolved": "https://registry.npmjs.org/@koromix/koffi-linux-loong64/-/koffi-linux-loong64-3.2.1.tgz",
      "integrity": "sha512-aHhnHzkPRmT/IHDlGvESJ/Bs32m8N6UE6Ab6kMeJzgk74IN8af2m/81/wZJtybR1M2UxCV4NmlVNUYQQvSAO3Q==",
      "cpu": [
        "loong64"
      ],
      "dev": true,
      "license": "MIT",
      "optional": true,
      "os": [
        "linux"
      ],
      "funding": {
        "url": "https://liberapay.com/Koromix"
      }
    },
    "node_modules/@koromix/koffi-linux-riscv64": {
      "version": "3.2.1",
      "resolved": "https://registry.npmjs.org/@koromix/koffi-linux-riscv64/-/koffi-linux-riscv64-3.2.1.tgz",
      "integrity": "sha512-qtQBsjbm3LiirLJvajWmKkNb7ARk7fvJVXdftJ7NtAnF3Xw8EbDvrtvmvtNI1yLPlYcBmlzCCD71hwhWYk0SIA==",
      "cpu": [
        "riscv64"
      ],
      "dev": true,
      "license": "MIT",
      "optional": true,
      "os": [
        "linux"
      ],
      "funding": {
        "url": "https://liberapay.com/Koromix"
      }
    },
    "node_modules/@koromix/koffi-linux-x64": {
      "version": "3.2.1",
      "resolved": "https://registry.npmjs.org/@koromix/koffi-linux-x64/-/koffi-linux-x64-3.2.1.tgz",
      "integrity": "sha512-c7hw7Qs/r5gnFRTQLcbifBwRU7wiocj+2pVuDQ5Ahb3r36SZmupmgYbTWcLvTW+hul1jd7SKRV0d14ZJq/tvSw==",
      "cpu": [
        "x64"
      ],
      "dev": true,
      "license": "MIT",
      "optional": true,
      "os": [
        "linux"
      ],
      "funding": {
        "url": "https://liberapay.com/Koromix"
      }
    },
    "node_modules/@koromix/koffi-openbsd-ia32": {
      "version": "3.2.1",
      "resolved": "https://registry.npmjs.org/@koromix/koffi-openbsd-ia32/-/koffi-openbsd-ia32-3.2.1.tgz",
      "integrity": "sha512-mmY8fY8LQ/CB52+h3yrMYmVyoxzW3x08S0yI6VNfHWdfU6yJtZkKCbhjmQCYMrWbYKC4gMvwZwCywIGPAkLyeA==",
      "cpu": [
        "ia32"
      ],
      "dev": true,
      "license": "MIT",
      "optional": true,
      "os": [
        "openbsd"
      ],
      "funding": {
        "url": "https://liberapay.com/Koromix"
      }
    },
    "node_modules/@koromix/koffi-openbsd-x64": {
      "version": "3.2.1",
      "resolved": "https://registry.npmjs.org/@koromix/koffi-openbsd-x64/-/koffi-openbsd-x64-3.2.1.tgz",
      "integrity": "sha512-k4ig6aAPbFSRATOIIOfdf/KtlOGH4SVls6L9fy0QnTxRJYvY2oSltTsQtBDANgEQldlq8Kl5WnpRa1VSibP4Lw==",
      "cpu": [
        "x64"
      ],
      "dev": true,
      "license": "MIT",
      "optional": true,
      "os": [
        "openbsd"
      ],
      "funding": {
        "url": "https://liberapay.com/Koromix"
      }
    },
    "node_modules/@koromix/koffi-win32-arm64": {
      "version": "3.2.1",
      "resolved": "https://registry.npmjs.org/@koromix/koffi-win32-arm64/-/koffi-win32-arm64-3.2.1.tgz",
      "integrity": "sha512-cTWBJGK//pDMeKQJE/79Aq9MiOAF4H8QyLZHSQ9IWm8czOfwjG4J1AhsQ9DjI9KFOykH77hhnpmQTGVMIubGig==",
      "cpu": [
        "arm64"
      ],
      "dev": true,
      "license": "MIT",
      "optional": true,
      "os": [
        "win32"
      ],
      "funding": {
        "url": "https://liberapay.com/Koromix"
      }
    },
    "node_modules/@koromix/koffi-win32-ia32": {
      "version": "3.2.1",
      "resolved": "https://registry.npmjs.org/@koromix/koffi-win32-ia32/-/koffi-win32-ia32-3.2.1.tgz",
      "integrity": "sha512-Z50EM6TAZ7CFyMmyX6thv8eNpJchqe9eenhibSIy2Eq/FQYF76gU2VK/LEoaF46L8hfC7TpTp9b10MvReHEyFA==",
      "cpu": [
        "ia32"
      ],
      "dev": true,
      "license": "MIT",
      "optional": true,
      "os": [
        "win32"
      ],
      "funding": {
        "url": "https://liberapay.com/Koromix"
      }
    },
    "node_modules/@koromix/koffi-win32-x64": {
      "version": "3.2.1",
      "resolved": "https://registry.npmjs.org/@koromix/koffi-win32-x64/-/koffi-win32-x64-3.2.1.tgz",
      "integrity": "sha512-ZmZNiBO6bkOSh3QNzgfvb1cMY0yMobn6ZQrSMqbAce21qyYL8niIbyipz9N/PIRDciGhsV0wUxnZsxIO+yWsHQ==",
      "cpu": [
        "x64"
      ],
      "dev": true,
      "license": "MIT",
      "optional": true,
      "os": [
        "win32"
      ],
      "funding": {
        "url": "https://liberapay.com/Koromix"
      }
    },
    "node_modules/@sec-ant/readable-stream": {
      "version": "0.4.1",
      "resolved": "https://registry.npmjs.org/@sec-ant/readable-stream/-/readable-stream-0.4.1.tgz",
      "integrity": "sha512-831qok9r2t8AlxLko40y2ebgSDhenenCatLVeW/uBtnHPyhHOvG0C7TvfgecV+wHzIm5KUICgzmVpWS+IMEAeg==",
      "dev": true,
      "license": "MIT"
    },
    "node_modules/@sindresorhus/merge-streams": {
      "version": "4.0.0",
      "resolved": "https://registry.npmjs.org/@sindresorhus/merge-streams/-/merge-streams-4.0.0.tgz",
      "integrity": "sha512-tlqY9xq5ukxTUZBmoOp+m61cqwQD5pHJtFY3Mn8CA8ps6yghLH/Hw8UPdqg4OLmFW3IFlcXnQNmo/dh8HzXYIQ==",
      "dev": true,
      "license": "MIT",
      "engines": {
        "node": ">=18"
      },
      "funding": {
        "url": "https://github.com/sponsors/sindresorhus"
      }
    },
    "node_modules/@standard-schema/spec": {
      "version": "1.1.0",
      "resolved": "https://registry.npmjs.org/@standard-schema/spec/-/spec-1.1.0.tgz",
      "integrity": "sha512-l2aFy5jALhniG5HgqrD6jXLi/rUWrKvqN/qJx6yoJsgKhblVd+iqqU4RCXavm/jPityDo5TCvKMnpjKnOriy0w==",
      "license": "MIT"
    },
    "node_modules/esbuild": {
      "version": "0.28.2",
      "resolved": "https://registry.npmjs.org/esbuild/-/esbuild-0.28.2.tgz",
      "integrity": "sha512-HKVLS8dvII+xoKW9kmqxbRKrnWEXfJJr/FZhhJmiqIB0e053QNYFqOBouTMO/k5sID4MvCiUCvv8b9M4h32wIA==",
      "dev": true,
      "hasInstallScript": true,
      "license": "MIT",
      "bin": {
        "esbuild": "bin/esbuild"
      },
      "engines": {
        "node": ">=18"
      },
      "optionalDependencies": {
        "@esbuild/aix-ppc64": "0.28.2",
        "@esbuild/android-arm": "0.28.2",
        "@esbuild/android-arm64": "0.28.2",
        "@esbuild/android-x64": "0.28.2",
        "@esbuild/darwin-arm64": "0.28.2",
        "@esbuild/darwin-x64": "0.28.2",
        "@esbuild/freebsd-arm64": "0.28.2",
        "@esbuild/freebsd-x64": "0.28.2",
        "@esbuild/linux-arm": "0.28.2",
        "@esbuild/linux-arm64": "0.28.2",
        "@esbuild/linux-ia32": "0.28.2",
        "@esbuild/linux-loong64": "0.28.2",
        "@esbuild/linux-mips64el": "0.28.2",
        "@esbuild/linux-ppc64": "0.28.2",
        "@esbuild/linux-riscv64": "0.28.2",
        "@esbuild/linux-s390x": "0.28.2",
        "@esbuild/linux-x64": "0.28.2",
        "@esbuild/netbsd-arm64": "0.28.2",
        "@esbuild/netbsd-x64": "0.28.2",
        "@esbuild/openbsd-arm64": "0.28.2",
        "@esbuild/openbsd-x64": "0.28.2",
        "@esbuild/openharmony-arm64": "0.28.2",
        "@esbuild/sunos-x64": "0.28.2",
        "@esbuild/win32-arm64": "0.28.2",
        "@esbuild/win32-ia32": "0.28.2",
        "@esbuild/win32-x64": "0.28.2"
      }
    },
    "node_modules/execa": {
      "version": "10.0.1",
      "resolved": "https://registry.npmjs.org/execa/-/execa-10.0.1.tgz",
      "integrity": "sha512-ge98qjkRK4IB7tL7Ju/6qmm5LHoH1eEMt5FNZrz3f4UIYhF28lggX20z3FaX1sgc67msLEn0N0BscOs29iuwyw==",
      "dev": true,
      "license": "MIT",
      "dependencies": {
        "@sindresorhus/merge-streams": "^4.0.0",
        "figures": "^6.1.0",
        "get-stream": "^9.0.1",
        "human-signals": "^8.0.1",
        "is-plain-obj": "^4.1.0",
        "is-stream": "^4.0.1",
        "npm-run-path": "^6.0.0",
        "pretty-ms": "^9.3.0",
        "signal-exit": "^4.1.0",
        "strip-final-newline": "^4.0.0",
        "which-command": "^0.1.0",
        "yoctocolors": "^2.1.2"
      },
      "engines": {
        "node": ">=22"
      },
      "funding": {
        "url": "https://github.com/sindresorhus/execa?sponsor=1"
      }
    },
    "node_modules/figures": {
      "version": "6.1.0",
      "resolved": "https://registry.npmjs.org/figures/-/figures-6.1.0.tgz",
      "integrity": "sha512-d+l3qxjSesT4V7v2fh+QnmFnUWv9lSpjarhShNTgBOfA0ttejbQUAlHLitbjkoRiDulW0OPoQPYIGhIC8ohejg==",
      "dev": true,
      "license": "MIT",
      "dependencies": {
        "is-unicode-supported": "^2.0.0"
      },
      "engines": {
        "node": ">=18"
      },
      "funding": {
        "url": "https://github.com/sponsors/sindresorhus"
      }
    },
    "node_modules/fsevents": {
      "version": "2.3.3",
      "resolved": "https://registry.npmjs.org/fsevents/-/fsevents-2.3.3.tgz",
      "integrity": "sha512-5xoDfX+fL7faATnagmWPpbFtwh/R77WmMMqqHGS65C3vvB0YHrgF+B1YmZ3441tMj5n63k0212XNoJwzlhffQw==",
      "dev": true,
      "hasInstallScript": true,
      "license": "MIT",
      "optional": true,
      "os": [
        "darwin"
      ],
      "engines": {
        "node": "^8.16.0 || ^10.6.0 || >=11.0.0"
      }
    },
    "node_modules/get-stream": {
      "version": "9.0.1",
      "resolved": "https://registry.npmjs.org/get-stream/-/get-stream-9.0.1.tgz",
      "integrity": "sha512-kVCxPF3vQM/N0B1PmoqVUqgHP+EeVjmZSQn+1oCRPxd2P21P2F19lIgbR3HBosbB1PUhOAoctJnfEn2GbN2eZA==",
      "dev": true,
      "license": "MIT",
      "dependencies": {
        "@sec-ant/readable-stream": "^0.4.1",
        "is-stream": "^4.0.1"
      },
      "engines": {
        "node": ">=18"
      },
      "funding": {
        "url": "https://github.com/sponsors/sindresorhus"
      }
    },
    "node_modules/human-signals": {
      "version": "8.0.1",
      "resolved": "https://registry.npmjs.org/human-signals/-/human-signals-8.0.1.tgz",
      "integrity": "sha512-eKCa6bwnJhvxj14kZk5NCPc6Hb6BdsU9DZcOnmQKSnO1VKrfV0zCvtttPZUsBvjmNDn8rpcJfpwSYnHBjc95MQ==",
      "dev": true,
      "license": "Apache-2.0",
      "engines": {
        "node": ">=18.18.0"
      }
    },
    "node_modules/is-plain-obj": {
      "version": "4.1.0",
      "resolved": "https://registry.npmjs.org/is-plain-obj/-/is-plain-obj-4.1.0.tgz",
      "integrity": "sha512-+Pgi+vMuUNkJyExiMBt5IlFoMyKnr5zhJ4Uspz58WOhBF5QoIZkFyNHIbBAtHwzVAgk5RtndVNsDRN61/mmDqg==",
      "dev": true,
      "license": "MIT",
      "engines": {
        "node": ">=12"
      },
      "funding": {
        "url": "https://github.com/sponsors/sindresorhus"
      }
    },
    "node_modules/is-stream": {
      "version": "4.0.1",
      "resolved": "https://registry.npmjs.org/is-stream/-/is-stream-4.0.1.tgz",
      "integrity": "sha512-Dnz92NInDqYckGEUJv689RbRiTSEHCQ7wOVeALbkOz999YpqT46yMRIGtSNl2iCL1waAZSx40+h59NV/EwzV/A==",
      "dev": true,
      "license": "MIT",
      "engines": {
        "node": ">=18"
      },
      "funding": {
        "url": "https://github.com/sponsors/sindresorhus"
      }
    },
    "node_modules/is-unicode-supported": {
      "version": "2.1.0",
      "resolved": "https://registry.npmjs.org/is-unicode-supported/-/is-unicode-supported-2.1.0.tgz",
      "integrity": "sha512-mE00Gnza5EEB3Ds0HfMyllZzbBrmLOX3vfWoj9A9PEnTfratQ/BcaJOuMhnkhjXvb2+FkY3VuHqtAGpTPmglFQ==",
      "dev": true,
      "license": "MIT",
      "engines": {
        "node": ">=18"
      },
      "funding": {
        "url": "https://github.com/sponsors/sindresorhus"
      }
    },
    "node_modules/koffi": {
      "version": "3.2.1",
      "resolved": "https://registry.npmjs.org/koffi/-/koffi-3.2.1.tgz",
      "integrity": "sha512-0qE3lZ8jllRqPN4Ob6Ajl7c2bJSJDhQWuKLGP5hIEpHLllJWv1ydHFMhHmHc5p/W9GticKVDbYzZd7TBoQ4CZg==",
      "dev": true,
      "hasInstallScript": true,
      "license": "MIT",
      "funding": {
        "url": "https://liberapay.com/Koromix"
      },
      "optionalDependencies": {
        "@koromix/koffi-android-arm64": "3.2.1",
        "@koromix/koffi-android-x64": "3.2.1",
        "@koromix/koffi-darwin-arm64": "3.2.1",
        "@koromix/koffi-darwin-x64": "3.2.1",
        "@koromix/koffi-freebsd-arm64": "3.2.1",
        "@koromix/koffi-freebsd-ia32": "3.2.1",
        "@koromix/koffi-freebsd-x64": "3.2.1",
        "@koromix/koffi-linux-arm": "3.2.1",
        "@koromix/koffi-linux-arm64": "3.2.1",
        "@koromix/koffi-linux-ia32": "3.2.1",
        "@koromix/koffi-linux-loong64": "3.2.1",
        "@koromix/koffi-linux-riscv64": "3.2.1",
        "@koromix/koffi-linux-x64": "3.2.1",
        "@koromix/koffi-openbsd-ia32": "3.2.1",
        "@koromix/koffi-openbsd-x64": "3.2.1",
        "@koromix/koffi-win32-arm64": "3.2.1",
        "@koromix/koffi-win32-ia32": "3.2.1",
        "@koromix/koffi-win32-x64": "3.2.1"
      }
    },
    "node_modules/node-addon-api": {
      "version": "7.1.1",
      "resolved": "https://registry.npmjs.org/node-addon-api/-/node-addon-api-7.1.1.tgz",
      "integrity": "sha512-5m3bsyrjFWE1xf7nz7YXdN4udnVtXK6/Yfgn5qnahL6bCkf2yKt4k3nuTKAtT4r3IG8JNR2ncsIMdZuAzJjHQQ==",
      "dev": true,
      "license": "MIT"
    },
    "node_modules/node-pty": {
      "version": "1.2.0-beta.15",
      "resolved": "https://registry.npmjs.org/node-pty/-/node-pty-1.2.0-beta.15.tgz",
      "integrity": "sha512-vORSzHXi4Ofl7HemVWpuudLqCPdaQb4LfpRCUpE5HPxhp4JYscl8zZwxh11p26v2wvW24WMwnMfLjhRLixrfxA==",
      "dev": true,
      "hasInstallScript": true,
      "license": "MIT",
      "dependencies": {
        "node-addon-api": "^7.1.0"
      }
    },
    "node_modules/npm-run-path": {
      "version": "6.0.0",
      "resolved": "https://registry.npmjs.org/npm-run-path/-/npm-run-path-6.0.0.tgz",
      "integrity": "sha512-9qny7Z9DsQU8Ou39ERsPU4OZQlSTP47ShQzuKZ6PRXpYLtIFgl/DEBYEXKlvcEa+9tHVcK8CF81Y2V72qaZhWA==",
      "dev": true,
      "license": "MIT",
      "dependencies": {
        "path-key": "^4.0.0",
        "unicorn-magic": "^0.3.0"
      },
      "engines": {
        "node": ">=18"
      },
      "funding": {
        "url": "https://github.com/sponsors/sindresorhus"
      }
    },
    "node_modules/parse-ms": {
      "version": "4.0.0",
      "resolved": "https://registry.npmjs.org/parse-ms/-/parse-ms-4.0.0.tgz",
      "integrity": "sha512-TXfryirbmq34y8QBwgqCVLi+8oA3oWx2eAnSn62ITyEhEYaWRlVZ2DvMM9eZbMs/RfxPu/PK/aBLyGj4IrqMHw==",
      "dev": true,
      "license": "MIT",
      "engines": {
        "node": ">=18"
      },
      "funding": {
        "url": "https://github.com/sponsors/sindresorhus"
      }
    },
    "node_modules/path-key": {
      "version": "4.0.0",
      "resolved": "https://registry.npmjs.org/path-key/-/path-key-4.0.0.tgz",
      "integrity": "sha512-haREypq7xkM7ErfgIyA0z+Bj4AGKlMSdlQE2jvJo6huWD1EdkKYV+G/T4nq0YEF2vgTT8kqMFKo1uHn950r4SQ==",
      "dev": true,
      "license": "MIT",
      "engines": {
        "node": ">=12"
      },
      "funding": {
        "url": "https://github.com/sponsors/sindresorhus"
      }
    },
    "node_modules/pretty-ms": {
      "version": "9.3.1",
      "resolved": "https://registry.npmjs.org/pretty-ms/-/pretty-ms-9.3.1.tgz",
      "integrity": "sha512-HzMy3Geq23nVALD/M2LliU+F+M+gVNsvkQWWqeBZ8HDiCgzo6YPJ/Omrmtq24EFrIsk0a3EkQGEd7bDOo+IhGA==",
      "dev": true,
      "license": "MIT",
      "dependencies": {
        "parse-ms": "^4.0.0"
      },
      "engines": {
        "node": ">=18"
      },
      "funding": {
        "url": "https://github.com/sponsors/sindresorhus"
      }
    },
    "node_modules/signal-exit": {
      "version": "4.1.0",
      "resolved": "https://registry.npmjs.org/signal-exit/-/signal-exit-4.1.0.tgz",
      "integrity": "sha512-bzyZ1e88w9O1iNJbKnOlvYTrWPDl46O1bG0D3XInv+9tkPrxrN8jUUTiFlDkkmKWgn1M6CfIA13SuGqOa9Korw==",
      "dev": true,
      "license": "ISC",
      "engines": {
        "node": ">=14"
      },
      "funding": {
        "url": "https://github.com/sponsors/isaacs"
      }
    },
    "node_modules/strip-final-newline": {
      "version": "4.0.0",
      "resolved": "https://registry.npmjs.org/strip-final-newline/-/strip-final-newline-4.0.0.tgz",
      "integrity": "sha512-aulFJcD6YK8V1G7iRB5tigAP4TsHBZZrOV8pjV++zdUwmeV8uzbY7yn6h9MswN62adStNZFuCIx4haBnRuMDaw==",
      "dev": true,
      "license": "MIT",
      "engines": {
        "node": ">=18"
      },
      "funding": {
        "url": "https://github.com/sponsors/sindresorhus"
      }
    },
    "node_modules/tsx": {
      "version": "4.23.13",
      "resolved": "https://registry.npmjs.org/tsx/-/tsx-4.23.13.tgz",
      "integrity": "sha512-BL5MGkRln6aDYhb0xbQlEAGw743BaZYWdbWtdJOBriYJboKgUUYCadFp2/FpBBZquBC/ezNBn7wMMPx7FDZUDw==",
      "dev": true,
      "license": "MIT",
      "dependencies": {
        "esbuild": "~0.28.0"
      },
      "bin": {
        "tsx": "dist/cli.mjs"
      },
      "engines": {
        "node": ">=18.0.0"
      },
      "optionalDependencies": {
        "fsevents": "~2.3.3"
      }
    },
    "node_modules/unicorn-magic": {
      "version": "0.3.0",
      "resolved": "https://registry.npmjs.org/unicorn-magic/-/unicorn-magic-0.3.0.tgz",
      "integrity": "sha512-+QBBXBCvifc56fsbuxZQ6Sic3wqqc3WWaqxs58gvJrcOuN83HGTCwz3oS5phzU9LthRNE9VrJCFCLUgHeeFnfA==",
      "dev": true,
      "license": "MIT",
      "engines": {
        "node": ">=18"
      },
      "funding": {
        "url": "https://github.com/sponsors/sindresorhus"
      }
    },
    "node_modules/which-command": {
      "version": "0.1.0",
      "resolved": "https://registry.npmjs.org/which-command/-/which-command-0.1.0.tgz",
      "integrity": "sha512-XZyoF5/5hZtXitIwzrU4NKK+Wtbb9aB9CezUEw2Q0wlYK8NUYQxC1rRXgNueYLtBAJwXIb+/tFVk4dozciNJMA==",
      "dev": true,
      "license": "MIT",
      "bin": {
        "which-command": "cli.js"
      },
      "engines": {
        "node": ">=22"
      },
      "funding": {
        "url": "https://github.com/sindresorhus/which-command?sponsor=1"
      }
    },
    "node_modules/yoctocolors": {
      "version": "2.2.0",
      "resolved": "https://registry.npmjs.org/yoctocolors/-/yoctocolors-2.2.0.tgz",
      "integrity": "sha512-xYqdZFUK/VYazNl/oCDYN+3WloWQwMfZxBoiNt6qNyk+xfOdi598muWE42rNZFp1kNOiqW936q5RhUdnpqElSg==",
      "dev": true,
      "license": "MIT",
      "engines": {
        "node": ">=18"
      },
      "funding": {
        "url": "https://github.com/sponsors/sindresorhus"
      }
    },
    "node_modules/zod": {
      "version": "4.6.4",
      "resolved": "https://registry.npmjs.org/zod/-/zod-4.6.4.tgz",
      "integrity": "sha512-AXSD6hvGdvRjajG/l1cC+d6IrhH+sjmPKtYeQdJIK8MFJl3LyClzS+o/YsVC+zQZPupAaeH5skwwm8YqYH7BqA==",
      "license": "MIT",
      "funding": {
        "url": "https://github.com/sponsors/colinhacks"
      }
    }
  }
}
