lockfileVersion: '9.0'

settings:
  autoInstallPeers: true
  excludeLinksFromLockfile: false

importers:

  .:
    devDependencies:
      '@deepseek-ai/cordis':
        specifier: ^4.0.2
        version: 4.0.2(@deepseek-ai/cordis-plugin-include@1.0.7)(@deepseek-ai/cordis-plugin-loader@1.0.3)
      '@deepseek-ai/cordis-plugin-include':
        specifier: ^1.0.7
        version: 1.0.7(@deepseek-ai/cordis-plugin-loader@1.0.3)(@deepseek-ai/cordis@4.0.2)
      '@deepseek-ai/cordis-plugin-loader':
        specifier: ^1.0.3
        version: 1.0.3(@deepseek-ai/cordis@4.0.2)
      '@deepseek-ai/dsh-commands':
        specifier: 0.1.5-rc.2
        version: 0.1.5-rc.2(de3254146f9aca653d84cac14f9d0a17)
      '@deepseek-ai/dsh-llm':
        specifier: 0.1.5-rc.2
        version: 0.1.5-rc.2(@deepseek-ai/cordis@4.0.2)
      '@deepseek-ai/dsh-session':
        specifier: 0.1.5-rc.2
        version: 0.1.5-rc.2(@deepseek-ai/cordis@4.0.2)(@deepseek-ai/dsh-scope@0.1.1-rc.2(@deepseek-ai/cordis@4.0.2)(@deepseek-ai/dsh-invariants@0.1.1-rc.2(@deepseek-ai/cordis@4.0.2)))
      '@deepseek-ai/dsh-system-prompt':
        specifier: 0.1.5-rc.2
        version: 0.1.5-rc.2(@deepseek-ai/cordis@4.0.2)(@deepseek-ai/dsh-invariants@0.1.1-rc.2(@deepseek-ai/cordis@4.0.2))(@deepseek-ai/dsh-llm@0.1.5-rc.2(@deepseek-ai/cordis@4.0.2))(@deepseek-ai/dsh-scope@0.1.1-rc.2(@deepseek-ai/cordis@4.0.2)(@deepseek-ai/dsh-invariants@0.1.1-rc.2(@deepseek-ai/cordis@4.0.2)))
      '@deepseek-ai/dsh-tools':
        specifier: 0.1.5-rc.2
        version: 0.1.5-rc.2(cbb7f90ef7e8f5be71cee52259e51e06)
      '@deepseek-ai/schemastery':
        specifier: ^3.18.2
        version: 3.18.2
      '@types/node':
        specifier: ^22.19.0
        version: 22.20.1
      oxlint:
        specifier: 0.18.1
        version: 0.18.1
      typescript:
        specifier: ^5.9.0
        version: 5.9.3

packages:

  '@deepseek-ai/cordis-plugin-include@1.0.7':
    resolution: {integrity: sha512-bZ4S1YuOmwOeE97HnslQ6ggVQbaWz4GejJ8OcY4P/DIyc1Qhu/3Szt1XSw6c/pd37kRkxxJXGwt4cmCxWSBBuw==}
    peerDependencies:
      '@deepseek-ai/cordis': ^4.0.2
      '@deepseek-ai/cordis-plugin-loader': ^1.0.3

  '@deepseek-ai/cordis-plugin-loader@1.0.3':
    resolution: {integrity: sha512-YNcHiH7TRFrgnRbQU7qdS1spABUFFHg04QpB9DdboPEjgKLTFfeEAvr6Y7qll3/nGgqywDQdk1tYshqKO0p1WQ==}
    peerDependencies:
      '@deepseek-ai/cordis': ^4.0.2
      node-addon-require-builtin: ^0.1.4
    peerDependenciesMeta:
      node-addon-require-builtin:
        optional: true

  '@deepseek-ai/cordis@4.0.2':
    resolution: {integrity: sha512-asOnXP1TzFSFQlHb1iegDZp0z/8WD1c7YNrwJR/Tx2bzNuMXfcekE/I67Iv6SQXeLB4csxqCngzQKANP7gdw0g==}
    hasBin: true
    peerDependencies:
      '@deepseek-ai/cordis-plugin-include': ^1.0.7
      '@deepseek-ai/cordis-plugin-loader': ^1.0.3
    peerDependenciesMeta:
      '@deepseek-ai/cordis-plugin-include':
        optional: true
      '@deepseek-ai/cordis-plugin-loader':
        optional: true

  '@deepseek-ai/cosmokit@1.8.3':
    resolution: {integrity: sha512-qBo+ronVM6Eu2WNVJXi8JcMiqZ19T9BRIpV+5qJUFPXjGH/Z0QKcQMC/IZJ7L394YTOtJgcovbk9qP0w2GsBXQ==}

  '@deepseek-ai/dsh-agent@0.1.1-rc.2':
    resolution: {integrity: sha512-cC7lnJe7JgPFcreNXxcxLMxQd78LnpVO9ZXROjZsGRQN1zGH6i/DduI892F1am85IfzzO+XTxMwwUHmfwamb0g==}
    peerDependencies:
      '@deepseek-ai/cordis': ^4.0.1
      '@deepseek-ai/dsh-invariants': ^0.1.1-rc.2
      '@deepseek-ai/dsh-llm': ^0.1.1-rc.2
      '@deepseek-ai/dsh-scope': ^0.1.1-rc.2
      '@deepseek-ai/dsh-session': ^0.1.1-rc.2
      '@deepseek-ai/dsh-system-prompt': ^0.1.1-rc.2
      '@deepseek-ai/dsh-typert-protocol': ^0.1.1-rc.2

  '@deepseek-ai/dsh-attachment@0.1.1-rc.2':
    resolution: {integrity: sha512-rCYAt8QsawP1yfDCU7XxNwYT/XWvyFsxYrkwhLLkdfW83QVD0CQHizSkTQE7RFX74nKUD1z3sTLfnLr7xneArw==}
    peerDependencies:
      '@deepseek-ai/cordis': ^4.0.1
      '@deepseek-ai/dsh-brand': ^0.1.1-rc.2
      '@deepseek-ai/dsh-invariants': ^0.1.1-rc.2

  '@deepseek-ai/dsh-brand@0.1.5-rc.2':
    resolution: {integrity: sha512-/+3TzQRYT4M8NINZ9OrsL5VWNyQSXof8mFLx3txiosWA7Bt0H6UcxUdKGXVwj6gCXhsQ74mzEHm2ucsflG0mYA==}
    peerDependencies:
      '@deepseek-ai/cordis': ^4.0.2

  '@deepseek-ai/dsh-code-runtime@0.1.1-rc.2':
    resolution: {integrity: sha512-SgFresqH5UABzRQZ7tOfqzOLMHF7089VeH+mfcwNQH5peOavgEKrAGOYz/9RnISH0XmMrj/x177t8gfO8Uvo/w==}
    peerDependencies:
      '@deepseek-ai/cordis': ^4.0.1
      '@deepseek-ai/dsh-invariants': ^0.1.1-rc.2

  '@deepseek-ai/dsh-commands@0.1.5-rc.2':
    resolution: {integrity: sha512-ODc9h2Jig+Lo4XLdxqHpHjSXsBFeUCth6Y/rToor4KVRWQMedUARlq5otPyB1lYHyQh2DonNs2uf7g3mvag57A==}
    peerDependencies:
      '@deepseek-ai/cordis': ^4.0.2
      '@deepseek-ai/dsh-agent': ^0.1.5-rc.2
      '@deepseek-ai/dsh-attachment': ^0.1.5-rc.2
      '@deepseek-ai/dsh-brand': ^0.1.5-rc.2
      '@deepseek-ai/dsh-invariants': ^0.1.5-rc.2
      '@deepseek-ai/dsh-llm': ^0.1.5-rc.2
      '@deepseek-ai/dsh-scope': ^0.1.5-rc.2
      '@deepseek-ai/dsh-session': ^0.1.5-rc.2
      '@deepseek-ai/dsh-typert-protocol': ^0.1.5-rc.2

  '@deepseek-ai/dsh-invariants@0.1.1-rc.2':
    resolution: {integrity: sha512-l+1Om/EDFyMjhgSuEx2WDLLA2fia/+ga9mBTCoT/MMslsnWaK5G0/lWwbwlTBSaJ6OfmYc3DuBgox8DbgIGHRQ==}
    peerDependencies:
      '@deepseek-ai/cordis': ^4.0.1

  '@deepseek-ai/dsh-llm@0.1.5-rc.2':
    resolution: {integrity: sha512-Z7BVsBkK24SE4EItQeow8PHms/9GP0DSTi337vTAa/RY7tNg2Snz3INcXUj6CPZfvntQr1in9op9wLI+rfNsqA==}
    peerDependencies:
      '@deepseek-ai/cordis': ^4.0.2

  '@deepseek-ai/dsh-scope@0.1.1-rc.2':
    resolution: {integrity: sha512-Xy3ejL6dwVSluZL7XOWy76ya4pCw1uHwxodDK4O9XiQUiUV4FBXnt0aNJUtMeAFN0c1YujxxCmRniMvuuNn1Nw==}
    peerDependencies:
      '@deepseek-ai/cordis': ^4.0.1
      '@deepseek-ai/dsh-invariants': ^0.1.1-rc.2

  '@deepseek-ai/dsh-session@0.1.5-rc.2':
    resolution: {integrity: sha512-y+klWiGAWR4m4cc4ylurA0cW63673B4N8cr2ANMimweDZAfxL4XVBC7WiD/5DT2DtIhYmVZhz/niyS/WbniUTA==}
    peerDependencies:
      '@deepseek-ai/cordis': ^4.0.2
      '@deepseek-ai/dsh-scope': ^0.1.5-rc.2

  '@deepseek-ai/dsh-system-prompt@0.1.5-rc.2':
    resolution: {integrity: sha512-VtmZVKqBMJ7kzskHu0jY+Jth7jSuKMG8QB3MBPzJe9M0LL4YPMWsGKt9gGky9RXolk/ugAy4YZEv1gUqouVofA==}
    peerDependencies:
      '@deepseek-ai/cordis': ^4.0.2
      '@deepseek-ai/dsh-invariants': ^0.1.5-rc.2
      '@deepseek-ai/dsh-llm': ^0.1.5-rc.2
      '@deepseek-ai/dsh-scope': ^0.1.5-rc.2

  '@deepseek-ai/dsh-timeout@0.1.5-rc.2':
    resolution: {integrity: sha512-FgfaAw8Zt5X4Y6Ljh833B8Hy7h96FeR+yjNKI3iSyZSqREqOBgvDGXFfQlSu6V3Buvw/cbI/CJUQJvfRBKXOiA==}
    peerDependencies:
      '@deepseek-ai/cordis': ^4.0.2

  '@deepseek-ai/dsh-tools@0.1.5-rc.2':
    resolution: {integrity: sha512-k2yZuJJtszaU9lzr2aBtdeFMINrkdlk4ellbtrMokA2oySVqJmAM8dv+u9RtzduD3aRRqyr2i2hWrTACz0qOrA==}
    peerDependencies:
      '@deepseek-ai/cordis': ^4.0.2
      '@deepseek-ai/dsh-agent': ^0.1.5-rc.2
      '@deepseek-ai/dsh-code-runtime': ^0.1.5-rc.2
      '@deepseek-ai/dsh-invariants': ^0.1.5-rc.2
      '@deepseek-ai/dsh-llm': ^0.1.5-rc.2
      '@deepseek-ai/dsh-scope': ^0.1.5-rc.2
      '@deepseek-ai/dsh-session': ^0.1.5-rc.2
      '@deepseek-ai/dsh-system-prompt': ^0.1.5-rc.2
      '@deepseek-ai/dsh-user-approval': ^0.1.5-rc.2

  '@deepseek-ai/dsh-typert-protocol@0.1.5-rc.2':
    resolution: {integrity: sha512-zP8J20rBXa1AFjKL2i83JBeQcePZx8yal3pNojj4t7CCokMcoFMUbr50woa6fY1tRJ7qHxgypO3rH8Q6YWgmiA==}
    peerDependencies:
      '@deepseek-ai/cordis': ^4.0.2

  '@deepseek-ai/dsh-user-approval@0.1.1-rc.2':
    resolution: {integrity: sha512-SdsO4Rs+NeJFoertkVilXBACREOLfkKPJJznYKqDhJxeRo38RJ56dtj0Xd0/6rERmsQiMck4Bwdrzg1ubUqPNA==}
    peerDependencies:
      '@deepseek-ai/cordis': ^4.0.1
      '@deepseek-ai/dsh-agent': ^0.1.1-rc.2
      '@deepseek-ai/dsh-brand': ^0.1.1-rc.2
      '@deepseek-ai/dsh-invariants': ^0.1.1-rc.2
      '@deepseek-ai/dsh-llm': ^0.1.1-rc.2
      '@deepseek-ai/dsh-scope': ^0.1.1-rc.2
      '@deepseek-ai/dsh-session': ^0.1.1-rc.2
      '@deepseek-ai/dsh-system-prompt': ^0.1.1-rc.2

  '@deepseek-ai/dsh-util-crypto@0.1.5-rc.2':
    resolution: {integrity: sha512-JR0aJEUL35RE8FVT89wMZMbPwMrbkjNcy+gE9pq70d/m2Zxw3a0iNer+BAxPAKYPbmy0xDDXReTwXiecKVy4sQ==}
    peerDependencies:
      '@deepseek-ai/cordis': ^4.0.2

  '@deepseek-ai/dsh-util-values@0.1.5-rc.2':
    resolution: {integrity: sha512-Cr0TkM6dFAD+Iy4sNXH/afJVMHwJXoOztivj+RflkYoACsOq+Ix0vdHn36hwW7mayU8OK3ZKIZUQ6BPo1fHvUg==}
    peerDependencies:
      '@deepseek-ai/cordis': ^4.0.2

  '@deepseek-ai/schemastery@3.18.2':
    resolution: {integrity: sha512-njDtZsznjYxok7KLLlHOPyuv2efdWVbSflAHgztSfbMsg+CVraEoRe2DjOCgClYv3ZCSm7WXoaUkbB/+RY7tWQ==}

  '@oxlint/darwin-arm64@0.18.1':
    resolution: {integrity: sha512-FqDrcQJmEGNkgmZgI4wbCrGyJl1tiRZa3udxvyYaXag8W80A0zLFNCyWVvHIgUJ0DHlZjRc7O72xUGjiyvQrqQ==}
    cpu: [arm64]
    os: [darwin]

  '@oxlint/darwin-x64@0.18.1':
    resolution: {integrity: sha512-YUcyWBJdNuMcJxAwdV/i25/kvnKrVsA+vLn7SsL87cAwiD//rqGdOixk0r8sKUYa71Kx3h0Fg2ToUOjdE6ddYw==}
    cpu: [x64]
    os: [darwin]

  '@oxlint/linux-arm64-gnu@0.18.1':
    resolution: {integrity: sha512-ol3jhmUv5VI/omMrt6DkwY/jVTSVJlflFyU1SnSb/BuVVf3TyBiCHmZ4wVtcrcT5k3sWjrvYWw2kSozvmuE4tg==}
    cpu: [arm64]
    os: [linux]
    libc: [glibc]

  '@oxlint/linux-arm64-musl@0.18.1':
    resolution: {integrity: sha512-iKDj1ZwlU4KpXuIL1qkVP6NJzri2VSJreqXCIAe1Bf5RZXMAGSO3xjldgiX+HBvFOKSBIarLcqONYDbYco9uaQ==}
    cpu: [arm64]
    os: [linux]
    libc: [musl]

  '@oxlint/linux-x64-gnu@0.18.1':
    resolution: {integrity: sha512-A3g+fZhlOivUdK7xU/IrbhBcMHig5GLrfMX0HYjXL1fiSqKYu9n1o1p42WpT6KfPL3L2uncSg/iyg7hspcN6qA==}
    cpu: [x64]
    os: [linux]
    libc: [glibc]

  '@oxlint/linux-x64-musl@0.18.1':
    resolution: {integrity: sha512-LA02SdATWZEZBy8ZZpR2GlUbDg7+Jq1/WKkywMXqxdClkcoyyFozj8aQD2iTMKELSra4OSyqqZpOYroqjSSKmw==}
    cpu: [x64]
    os: [linux]
    libc: [musl]

  '@oxlint/win32-arm64@0.18.1':
    resolution: {integrity: sha512-FNL+OxDflqLGXRgLxfBM/X4RnLYgtOKTsb1mNSqsjSCEfUi1Oqivh7KvZ09IfAMZeJ85/fL6EI6hSOyY7nNYUg==}
    cpu: [arm64]
    os: [win32]

  '@oxlint/win32-x64@0.18.1':
    resolution: {integrity: sha512-W+aVE9Siqs6Oe3NDaDOTTOYsN9X3znl+whfqWK1EcLpqJXX1kdB8Hf45HkGjqnHoFoP96GRgUnXQHQvmUybjvg==}
    cpu: [x64]
    os: [win32]

  '@standard-schema/spec@1.1.0':
    resolution: {integrity: sha512-l2aFy5jALhniG5HgqrD6jXLi/rUWrKvqN/qJx6yoJsgKhblVd+iqqU4RCXavm/jPityDo5TCvKMnpjKnOriy0w==}

  '@types/node@22.20.1':
    resolution: {integrity: sha512-EANqOCF9QFyra+4pfxUcX9STKJpCLjMbObVzljIJomAWSnuSIEAvyzEU53GaajbXJEgdh0iEcPL+DGvpUd4k1Q==}

  argparse@2.0.1:
    resolution: {integrity: sha512-8+9WqebbFzpX9OR+Wa6O29asIogeRMzcGtAINdpMHHyAg10f05aSFVBbcEqGf/PXw1EjAZ+q2/bEBg3DvurK3Q==}

  js-yaml@4.3.1:
    resolution: {integrity: sha512-CY6crGq313MX8GkwvB7tzgp99vjQxY1++5y10/BKN/GUfHqWaOGQMNZkBvqSzsZKWk/ijwHlWzzkLulsGHhjWQ==}
    hasBin: true

  oxlint@0.18.1:
    resolution: {integrity: sha512-JGcQvbhd00Qb+nq4f9sYYRh7mZIb0K/7rbMepNdJDMzo8pbmBpx1N2XOG61RjHDsNnY6ImAmVk3h4QVwFenwUQ==}
    engines: {node: '>=8.*'}
    hasBin: true

  typescript@5.9.3:
    resolution: {integrity: sha512-jl1vZzPDinLr9eUt3J/t7V6FgNEw9QjvBPdysz9KfQDD41fQrC2Y4vKQdiaUpFT4bXlb1RHhLpp8wtm6M5TgSw==}
    engines: {node: '>=14.17'}
    hasBin: true

  undici-types@6.21.0:
    resolution: {integrity: sha512-iwDZqg0QAGrg9Rav5H4n0M64c3mkR59cJ6wQp+7C4nI0gsmExaedaYLNO44eT4AtBBwjbTiGPMlt2Md0T9H9JQ==}

  zod@4.4.3:
    resolution: {integrity: sha512-ytENFjIJFl2UwYglde2jchW2Hwm4GJFLDiSXWdTrJQBIN9Fcyp7n4DhxJEiWNAJMV1/BqWfW/kkg71UDcHJyTQ==}

snapshots:

  '@deepseek-ai/cordis-plugin-include@1.0.7(@deepseek-ai/cordis-plugin-loader@1.0.3)(@deepseek-ai/cordis@4.0.2)':
    dependencies:
      '@deepseek-ai/cordis': 4.0.2(@deepseek-ai/cordis-plugin-include@1.0.7)(@deepseek-ai/cordis-plugin-loader@1.0.3)
      '@deepseek-ai/cordis-plugin-loader': 1.0.3(@deepseek-ai/cordis@4.0.2)
      '@deepseek-ai/cosmokit': 1.8.3
      js-yaml: 4.3.1

  '@deepseek-ai/cordis-plugin-loader@1.0.3(@deepseek-ai/cordis@4.0.2)':
    dependencies:
      '@deepseek-ai/cordis': 4.0.2(@deepseek-ai/cordis-plugin-include@1.0.7)(@deepseek-ai/cordis-plugin-loader@1.0.3)
      '@deepseek-ai/cosmokit': 1.8.3

  '@deepseek-ai/cordis@4.0.2(@deepseek-ai/cordis-plugin-include@1.0.7)(@deepseek-ai/cordis-plugin-loader@1.0.3)':
    dependencies:
      '@deepseek-ai/cosmokit': 1.8.3
      '@standard-schema/spec': 1.1.0
    optionalDependencies:
      '@deepseek-ai/cordis-plugin-include': 1.0.7(@deepseek-ai/cordis-plugin-loader@1.0.3)(@deepseek-ai/cordis@4.0.2)
      '@deepseek-ai/cordis-plugin-loader': 1.0.3(@deepseek-ai/cordis@4.0.2)

  '@deepseek-ai/cosmokit@1.8.3': {}

  '@deepseek-ai/dsh-agent@0.1.1-rc.2(@deepseek-ai/cordis@4.0.2)(@deepseek-ai/dsh-invariants@0.1.1-rc.2(@deepseek-ai/cordis@4.0.2))(@deepseek-ai/dsh-llm@0.1.5-rc.2(@deepseek-ai/cordis@4.0.2))(@deepseek-ai/dsh-scope@0.1.1-rc.2(@deepseek-ai/cordis@4.0.2)(@deepseek-ai/dsh-invariants@0.1.1-rc.2(@deepseek-ai/cordis@4.0.2)))(@deepseek-ai/dsh-session@0.1.5-rc.2(@deepseek-ai/cordis@4.0.2)(@deepseek-ai/dsh-scope@0.1.1-rc.2(@deepseek-ai/cordis@4.0.2)(@deepseek-ai/dsh-invariants@0.1.1-rc.2(@deepseek-ai/cordis@4.0.2))))(@deepseek-ai/dsh-system-prompt@0.1.5-rc.2(@deepseek-ai/cordis@4.0.2)(@deepseek-ai/dsh-invariants@0.1.1-rc.2(@deepseek-ai/cordis@4.0.2))(@deepseek-ai/dsh-llm@0.1.5-rc.2(@deepseek-ai/cordis@4.0.2))(@deepseek-ai/dsh-scope@0.1.1-rc.2(@deepseek-ai/cordis@4.0.2)(@deepseek-ai/dsh-invariants@0.1.1-rc.2(@deepseek-ai/cordis@4.0.2))))(@deepseek-ai/dsh-typert-protocol@0.1.5-rc.2(@deepseek-ai/cordis@4.0.2))':
    dependencies:
      '@deepseek-ai/cordis': 4.0.2(@deepseek-ai/cordis-plugin-include@1.0.7)(@deepseek-ai/cordis-plugin-loader@1.0.3)
      '@deepseek-ai/dsh-invariants': 0.1.1-rc.2(@deepseek-ai/cordis@4.0.2)
      '@deepseek-ai/dsh-llm': 0.1.5-rc.2(@deepseek-ai/cordis@4.0.2)
      '@deepseek-ai/dsh-scope': 0.1.1-rc.2(@deepseek-ai/cordis@4.0.2)(@deepseek-ai/dsh-invariants@0.1.1-rc.2(@deepseek-ai/cordis@4.0.2))
      '@deepseek-ai/dsh-session': 0.1.5-rc.2(@deepseek-ai/cordis@4.0.2)(@deepseek-ai/dsh-scope@0.1.1-rc.2(@deepseek-ai/cordis@4.0.2)(@deepseek-ai/dsh-invariants@0.1.1-rc.2(@deepseek-ai/cordis@4.0.2)))
      '@deepseek-ai/dsh-system-prompt': 0.1.5-rc.2(@deepseek-ai/cordis@4.0.2)(@deepseek-ai/dsh-invariants@0.1.1-rc.2(@deepseek-ai/cordis@4.0.2))(@deepseek-ai/dsh-llm@0.1.5-rc.2(@deepseek-ai/cordis@4.0.2))(@deepseek-ai/dsh-scope@0.1.1-rc.2(@deepseek-ai/cordis@4.0.2)(@deepseek-ai/dsh-invariants@0.1.1-rc.2(@deepseek-ai/cordis@4.0.2)))
      '@deepseek-ai/dsh-typert-protocol': 0.1.5-rc.2(@deepseek-ai/cordis@4.0.2)

  '@deepseek-ai/dsh-attachment@0.1.1-rc.2(@deepseek-ai/cordis@4.0.2)(@deepseek-ai/dsh-brand@0.1.5-rc.2(@deepseek-ai/cordis@4.0.2))(@deepseek-ai/dsh-invariants@0.1.1-rc.2(@deepseek-ai/cordis@4.0.2))':
    dependencies:
      '@deepseek-ai/cordis': 4.0.2(@deepseek-ai/cordis-plugin-include@1.0.7)(@deepseek-ai/cordis-plugin-loader@1.0.3)
      '@deepseek-ai/dsh-brand': 0.1.5-rc.2(@deepseek-ai/cordis@4.0.2)
      '@deepseek-ai/dsh-invariants': 0.1.1-rc.2(@deepseek-ai/cordis@4.0.2)

  '@deepseek-ai/dsh-brand@0.1.5-rc.2(@deepseek-ai/cordis@4.0.2)':
    dependencies:
      '@deepseek-ai/cordis': 4.0.2(@deepseek-ai/cordis-plugin-include@1.0.7)(@deepseek-ai/cordis-plugin-loader@1.0.3)

  '@deepseek-ai/dsh-code-runtime@0.1.1-rc.2(@deepseek-ai/cordis@4.0.2)(@deepseek-ai/dsh-invariants@0.1.1-rc.2(@deepseek-ai/cordis@4.0.2))':
    dependencies:
      '@deepseek-ai/cordis': 4.0.2(@deepseek-ai/cordis-plugin-include@1.0.7)(@deepseek-ai/cordis-plugin-loader@1.0.3)
      '@deepseek-ai/dsh-invariants': 0.1.1-rc.2(@deepseek-ai/cordis@4.0.2)

  '@deepseek-ai/dsh-commands@0.1.5-rc.2(de3254146f9aca653d84cac14f9d0a17)':
    dependencies:
      '@deepseek-ai/cordis': 4.0.2(@deepseek-ai/cordis-plugin-include@1.0.7)(@deepseek-ai/cordis-plugin-loader@1.0.3)
      '@deepseek-ai/dsh-agent': 0.1.1-rc.2(@deepseek-ai/cordis@4.0.2)(@deepseek-ai/dsh-invariants@0.1.1-rc.2(@deepseek-ai/cordis@4.0.2))(@deepseek-ai/dsh-llm@0.1.5-rc.2(@deepseek-ai/cordis@4.0.2))(@deepseek-ai/dsh-scope@0.1.1-rc.2(@deepseek-ai/cordis@4.0.2)(@deepseek-ai/dsh-invariants@0.1.1-rc.2(@deepseek-ai/cordis@4.0.2)))(@deepseek-ai/dsh-session@0.1.5-rc.2(@deepseek-ai/cordis@4.0.2)(@deepseek-ai/dsh-scope@0.1.1-rc.2(@deepseek-ai/cordis@4.0.2)(@deepseek-ai/dsh-invariants@0.1.1-rc.2(@deepseek-ai/cordis@4.0.2))))(@deepseek-ai/dsh-system-prompt@0.1.5-rc.2(@deepseek-ai/cordis@4.0.2)(@deepseek-ai/dsh-invariants@0.1.1-rc.2(@deepseek-ai/cordis@4.0.2))(@deepseek-ai/dsh-llm@0.1.5-rc.2(@deepseek-ai/cordis@4.0.2))(@deepseek-ai/dsh-scope@0.1.1-rc.2(@deepseek-ai/cordis@4.0.2)(@deepseek-ai/dsh-invariants@0.1.1-rc.2(@deepseek-ai/cordis@4.0.2))))(@deepseek-ai/dsh-typert-protocol@0.1.5-rc.2(@deepseek-ai/cordis@4.0.2))
      '@deepseek-ai/dsh-attachment': 0.1.1-rc.2(@deepseek-ai/cordis@4.0.2)(@deepseek-ai/dsh-brand@0.1.5-rc.2(@deepseek-ai/cordis@4.0.2))(@deepseek-ai/dsh-invariants@0.1.1-rc.2(@deepseek-ai/cordis@4.0.2))
      '@deepseek-ai/dsh-brand': 0.1.5-rc.2(@deepseek-ai/cordis@4.0.2)
      '@deepseek-ai/dsh-invariants': 0.1.1-rc.2(@deepseek-ai/cordis@4.0.2)
      '@deepseek-ai/dsh-llm': 0.1.5-rc.2(@deepseek-ai/cordis@4.0.2)
      '@deepseek-ai/dsh-scope': 0.1.1-rc.2(@deepseek-ai/cordis@4.0.2)(@deepseek-ai/dsh-invariants@0.1.1-rc.2(@deepseek-ai/cordis@4.0.2))
      '@deepseek-ai/dsh-session': 0.1.5-rc.2(@deepseek-ai/cordis@4.0.2)(@deepseek-ai/dsh-scope@0.1.1-rc.2(@deepseek-ai/cordis@4.0.2)(@deepseek-ai/dsh-invariants@0.1.1-rc.2(@deepseek-ai/cordis@4.0.2)))
      '@deepseek-ai/dsh-typert-protocol': 0.1.5-rc.2(@deepseek-ai/cordis@4.0.2)
      '@deepseek-ai/dsh-util-crypto': 0.1.5-rc.2(@deepseek-ai/cordis@4.0.2)
      zod: 4.4.3

  '@deepseek-ai/dsh-invariants@0.1.1-rc.2(@deepseek-ai/cordis@4.0.2)':
    dependencies:
      '@deepseek-ai/cordis': 4.0.2(@deepseek-ai/cordis-plugin-include@1.0.7)(@deepseek-ai/cordis-plugin-loader@1.0.3)
      '@deepseek-ai/schemastery': 3.18.2

  '@deepseek-ai/dsh-llm@0.1.5-rc.2(@deepseek-ai/cordis@4.0.2)':
    dependencies:
      '@deepseek-ai/cordis': 4.0.2(@deepseek-ai/cordis-plugin-include@1.0.7)(@deepseek-ai/cordis-plugin-loader@1.0.3)
      '@deepseek-ai/dsh-brand': 0.1.5-rc.2(@deepseek-ai/cordis@4.0.2)
      '@deepseek-ai/dsh-timeout': 0.1.5-rc.2(@deepseek-ai/cordis@4.0.2)
      '@deepseek-ai/dsh-typert-protocol': 0.1.5-rc.2(@deepseek-ai/cordis@4.0.2)
      '@deepseek-ai/dsh-util-crypto': 0.1.5-rc.2(@deepseek-ai/cordis@4.0.2)
      '@deepseek-ai/dsh-util-values': 0.1.5-rc.2(@deepseek-ai/cordis@4.0.2)
      '@deepseek-ai/schemastery': 3.18.2
      zod: 4.4.3

  '@deepseek-ai/dsh-scope@0.1.1-rc.2(@deepseek-ai/cordis@4.0.2)(@deepseek-ai/dsh-invariants@0.1.1-rc.2(@deepseek-ai/cordis@4.0.2))':
    dependencies:
      '@deepseek-ai/cordis': 4.0.2(@deepseek-ai/cordis-plugin-include@1.0.7)(@deepseek-ai/cordis-plugin-loader@1.0.3)
      '@deepseek-ai/dsh-invariants': 0.1.1-rc.2(@deepseek-ai/cordis@4.0.2)

  '@deepseek-ai/dsh-session@0.1.5-rc.2(@deepseek-ai/cordis@4.0.2)(@deepseek-ai/dsh-scope@0.1.1-rc.2(@deepseek-ai/cordis@4.0.2)(@deepseek-ai/dsh-invariants@0.1.1-rc.2(@deepseek-ai/cordis@4.0.2)))':
    dependencies:
      '@deepseek-ai/cordis': 4.0.2(@deepseek-ai/cordis-plugin-include@1.0.7)(@deepseek-ai/cordis-plugin-loader@1.0.3)
      '@deepseek-ai/dsh-brand': 0.1.5-rc.2(@deepseek-ai/cordis@4.0.2)
      '@deepseek-ai/dsh-llm': 0.1.5-rc.2(@deepseek-ai/cordis@4.0.2)
      '@deepseek-ai/dsh-scope': 0.1.1-rc.2(@deepseek-ai/cordis@4.0.2)(@deepseek-ai/dsh-invariants@0.1.1-rc.2(@deepseek-ai/cordis@4.0.2))
      '@deepseek-ai/dsh-util-values': 0.1.5-rc.2(@deepseek-ai/cordis@4.0.2)

  '@deepseek-ai/dsh-system-prompt@0.1.5-rc.2(@deepseek-ai/cordis@4.0.2)(@deepseek-ai/dsh-invariants@0.1.1-rc.2(@deepseek-ai/cordis@4.0.2))(@deepseek-ai/dsh-llm@0.1.5-rc.2(@deepseek-ai/cordis@4.0.2))(@deepseek-ai/dsh-scope@0.1.1-rc.2(@deepseek-ai/cordis@4.0.2)(@deepseek-ai/dsh-invariants@0.1.1-rc.2(@deepseek-ai/cordis@4.0.2)))':
    dependencies:
      '@deepseek-ai/cordis': 4.0.2(@deepseek-ai/cordis-plugin-include@1.0.7)(@deepseek-ai/cordis-plugin-loader@1.0.3)
      '@deepseek-ai/dsh-invariants': 0.1.1-rc.2(@deepseek-ai/cordis@4.0.2)
      '@deepseek-ai/dsh-llm': 0.1.5-rc.2(@deepseek-ai/cordis@4.0.2)
      '@deepseek-ai/dsh-scope': 0.1.1-rc.2(@deepseek-ai/cordis@4.0.2)(@deepseek-ai/dsh-invariants@0.1.1-rc.2(@deepseek-ai/cordis@4.0.2))
      '@deepseek-ai/schemastery': 3.18.2

  '@deepseek-ai/dsh-timeout@0.1.5-rc.2(@deepseek-ai/cordis@4.0.2)':
    dependencies:
      '@deepseek-ai/cordis': 4.0.2(@deepseek-ai/cordis-plugin-include@1.0.7)(@deepseek-ai/cordis-plugin-loader@1.0.3)

  '@deepseek-ai/dsh-tools@0.1.5-rc.2(cbb7f90ef7e8f5be71cee52259e51e06)':
    dependencies:
      '@deepseek-ai/cordis': 4.0.2(@deepseek-ai/cordis-plugin-include@1.0.7)(@deepseek-ai/cordis-plugin-loader@1.0.3)
      '@deepseek-ai/dsh-agent': 0.1.1-rc.2(@deepseek-ai/cordis@4.0.2)(@deepseek-ai/dsh-invariants@0.1.1-rc.2(@deepseek-ai/cordis@4.0.2))(@deepseek-ai/dsh-llm@0.1.5-rc.2(@deepseek-ai/cordis@4.0.2))(@deepseek-ai/dsh-scope@0.1.1-rc.2(@deepseek-ai/cordis@4.0.2)(@deepseek-ai/dsh-invariants@0.1.1-rc.2(@deepseek-ai/cordis@4.0.2)))(@deepseek-ai/dsh-session@0.1.5-rc.2(@deepseek-ai/cordis@4.0.2)(@deepseek-ai/dsh-scope@0.1.1-rc.2(@deepseek-ai/cordis@4.0.2)(@deepseek-ai/dsh-invariants@0.1.1-rc.2(@deepseek-ai/cordis@4.0.2))))(@deepseek-ai/dsh-system-prompt@0.1.5-rc.2(@deepseek-ai/cordis@4.0.2)(@deepseek-ai/dsh-invariants@0.1.1-rc.2(@deepseek-ai/cordis@4.0.2))(@deepseek-ai/dsh-llm@0.1.5-rc.2(@deepseek-ai/cordis@4.0.2))(@deepseek-ai/dsh-scope@0.1.1-rc.2(@deepseek-ai/cordis@4.0.2)(@deepseek-ai/dsh-invariants@0.1.1-rc.2(@deepseek-ai/cordis@4.0.2))))(@deepseek-ai/dsh-typert-protocol@0.1.5-rc.2(@deepseek-ai/cordis@4.0.2))
      '@deepseek-ai/dsh-brand': 0.1.5-rc.2(@deepseek-ai/cordis@4.0.2)
      '@deepseek-ai/dsh-code-runtime': 0.1.1-rc.2(@deepseek-ai/cordis@4.0.2)(@deepseek-ai/dsh-invariants@0.1.1-rc.2(@deepseek-ai/cordis@4.0.2))
      '@deepseek-ai/dsh-invariants': 0.1.1-rc.2(@deepseek-ai/cordis@4.0.2)
      '@deepseek-ai/dsh-llm': 0.1.5-rc.2(@deepseek-ai/cordis@4.0.2)
      '@deepseek-ai/dsh-scope': 0.1.1-rc.2(@deepseek-ai/cordis@4.0.2)(@deepseek-ai/dsh-invariants@0.1.1-rc.2(@deepseek-ai/cordis@4.0.2))
      '@deepseek-ai/dsh-session': 0.1.5-rc.2(@deepseek-ai/cordis@4.0.2)(@deepseek-ai/dsh-scope@0.1.1-rc.2(@deepseek-ai/cordis@4.0.2)(@deepseek-ai/dsh-invariants@0.1.1-rc.2(@deepseek-ai/cordis@4.0.2)))
      '@deepseek-ai/dsh-system-prompt': 0.1.5-rc.2(@deepseek-ai/cordis@4.0.2)(@deepseek-ai/dsh-invariants@0.1.1-rc.2(@deepseek-ai/cordis@4.0.2))(@deepseek-ai/dsh-llm@0.1.5-rc.2(@deepseek-ai/cordis@4.0.2))(@deepseek-ai/dsh-scope@0.1.1-rc.2(@deepseek-ai/cordis@4.0.2)(@deepseek-ai/dsh-invariants@0.1.1-rc.2(@deepseek-ai/cordis@4.0.2)))
      '@deepseek-ai/dsh-user-approval': 0.1.1-rc.2(a14980e91f4c4976344bcece7b34df0e)
      '@deepseek-ai/dsh-util-values': 0.1.5-rc.2(@deepseek-ai/cordis@4.0.2)
      '@deepseek-ai/schemastery': 3.18.2

  '@deepseek-ai/dsh-typert-protocol@0.1.5-rc.2(@deepseek-ai/cordis@4.0.2)':
    dependencies:
      '@deepseek-ai/cordis': 4.0.2(@deepseek-ai/cordis-plugin-include@1.0.7)(@deepseek-ai/cordis-plugin-loader@1.0.3)

  '@deepseek-ai/dsh-user-approval@0.1.1-rc.2(a14980e91f4c4976344bcece7b34df0e)':
    dependencies:
      '@deepseek-ai/cordis': 4.0.2(@deepseek-ai/cordis-plugin-include@1.0.7)(@deepseek-ai/cordis-plugin-loader@1.0.3)
      '@deepseek-ai/dsh-agent': 0.1.1-rc.2(@deepseek-ai/cordis@4.0.2)(@deepseek-ai/dsh-invariants@0.1.1-rc.2(@deepseek-ai/cordis@4.0.2))(@deepseek-ai/dsh-llm@0.1.5-rc.2(@deepseek-ai/cordis@4.0.2))(@deepseek-ai/dsh-scope@0.1.1-rc.2(@deepseek-ai/cordis@4.0.2)(@deepseek-ai/dsh-invariants@0.1.1-rc.2(@deepseek-ai/cordis@4.0.2)))(@deepseek-ai/dsh-session@0.1.5-rc.2(@deepseek-ai/cordis@4.0.2)(@deepseek-ai/dsh-scope@0.1.1-rc.2(@deepseek-ai/cordis@4.0.2)(@deepseek-ai/dsh-invariants@0.1.1-rc.2(@deepseek-ai/cordis@4.0.2))))(@deepseek-ai/dsh-system-prompt@0.1.5-rc.2(@deepseek-ai/cordis@4.0.2)(@deepseek-ai/dsh-invariants@0.1.1-rc.2(@deepseek-ai/cordis@4.0.2))(@deepseek-ai/dsh-llm@0.1.5-rc.2(@deepseek-ai/cordis@4.0.2))(@deepseek-ai/dsh-scope@0.1.1-rc.2(@deepseek-ai/cordis@4.0.2)(@deepseek-ai/dsh-invariants@0.1.1-rc.2(@deepseek-ai/cordis@4.0.2))))(@deepseek-ai/dsh-typert-protocol@0.1.5-rc.2(@deepseek-ai/cordis@4.0.2))
      '@deepseek-ai/dsh-brand': 0.1.5-rc.2(@deepseek-ai/cordis@4.0.2)
      '@deepseek-ai/dsh-invariants': 0.1.1-rc.2(@deepseek-ai/cordis@4.0.2)
      '@deepseek-ai/dsh-llm': 0.1.5-rc.2(@deepseek-ai/cordis@4.0.2)
      '@deepseek-ai/dsh-scope': 0.1.1-rc.2(@deepseek-ai/cordis@4.0.2)(@deepseek-ai/dsh-invariants@0.1.1-rc.2(@deepseek-ai/cordis@4.0.2))
      '@deepseek-ai/dsh-session': 0.1.5-rc.2(@deepseek-ai/cordis@4.0.2)(@deepseek-ai/dsh-scope@0.1.1-rc.2(@deepseek-ai/cordis@4.0.2)(@deepseek-ai/dsh-invariants@0.1.1-rc.2(@deepseek-ai/cordis@4.0.2)))
      '@deepseek-ai/dsh-system-prompt': 0.1.5-rc.2(@deepseek-ai/cordis@4.0.2)(@deepseek-ai/dsh-invariants@0.1.1-rc.2(@deepseek-ai/cordis@4.0.2))(@deepseek-ai/dsh-llm@0.1.5-rc.2(@deepseek-ai/cordis@4.0.2))(@deepseek-ai/dsh-scope@0.1.1-rc.2(@deepseek-ai/cordis@4.0.2)(@deepseek-ai/dsh-invariants@0.1.1-rc.2(@deepseek-ai/cordis@4.0.2)))
      '@deepseek-ai/schemastery': 3.18.2

  '@deepseek-ai/dsh-util-crypto@0.1.5-rc.2(@deepseek-ai/cordis@4.0.2)':
    dependencies:
      '@deepseek-ai/cordis': 4.0.2(@deepseek-ai/cordis-plugin-include@1.0.7)(@deepseek-ai/cordis-plugin-loader@1.0.3)

  '@deepseek-ai/dsh-util-values@0.1.5-rc.2(@deepseek-ai/cordis@4.0.2)':
    dependencies:
      '@deepseek-ai/cordis': 4.0.2(@deepseek-ai/cordis-plugin-include@1.0.7)(@deepseek-ai/cordis-plugin-loader@1.0.3)

  '@deepseek-ai/schemastery@3.18.2':
    dependencies:
      '@deepseek-ai/cosmokit': 1.8.3
      '@standard-schema/spec': 1.1.0

  '@oxlint/darwin-arm64@0.18.1':
    optional: true

  '@oxlint/darwin-x64@0.18.1':
    optional: true

  '@oxlint/linux-arm64-gnu@0.18.1':
    optional: true

  '@oxlint/linux-arm64-musl@0.18.1':
    optional: true

  '@oxlint/linux-x64-gnu@0.18.1':
    optional: true

  '@oxlint/linux-x64-musl@0.18.1':
    optional: true

  '@oxlint/win32-arm64@0.18.1':
    optional: true

  '@oxlint/win32-x64@0.18.1':
    optional: true

  '@standard-schema/spec@1.1.0': {}

  '@types/node@22.20.1':
    dependencies:
      undici-types: 6.21.0

  argparse@2.0.1: {}

  js-yaml@4.3.1:
    dependencies:
      argparse: 2.0.1

  oxlint@0.18.1:
    optionalDependencies:
      '@oxlint/darwin-arm64': 0.18.1
      '@oxlint/darwin-x64': 0.18.1
      '@oxlint/linux-arm64-gnu': 0.18.1
      '@oxlint/linux-arm64-musl': 0.18.1
      '@oxlint/linux-x64-gnu': 0.18.1
      '@oxlint/linux-x64-musl': 0.18.1
      '@oxlint/win32-arm64': 0.18.1
      '@oxlint/win32-x64': 0.18.1

  typescript@5.9.3: {}

  undici-types@6.21.0: {}

  zod@4.4.3: {}
